// !$*UTF8*$!
{
	archiveVersion = 1;
	classes = {
	};
	objectVersion = 46;
	objects = {

/* Begin PBXBuildFile section */
		FA0704B814D2121300BF365D /* AudioManager.cpp in Sources */ = {isa = PBXBuildFile; fileRef = FA0704A814D2121300BF365D /* AudioManager.cpp */; };
		FA0704B914D2121300BF365D /* cAudioManager.cpp in Sources */ = {isa = PBXBuildFile; fileRef = FA0704AB14D2121300BF365D /* cAudioManager.cpp */; };
		FA0704BA14D2121300BF365D /* Sound.cpp in Sources */ = {isa = PBXBuildFile; fileRef = FA0704AD14D2121300BF365D /* Sound.cpp */; };
		FA0704C414D2126C00BF365D /* VFSFile.cpp in Sources */ = {isa = PBXBuildFile; fileRef = FA0704C014D2126C00BF365D /* VFSFile.cpp */; };
		FA0704C514D2126C00BF365D /* VFSPack.cpp in Sources */ = {isa = PBXBuildFile; fileRef = FA0704C214D2126C00BF365D /* VFSPack.cpp */; };
		FA0704CA14D2128400BF365D /* AES.cpp in Sources */ = {isa = PBXBuildFile; fileRef = FA0704C614D2128400BF365D /* AES.cpp */; };
		FA0704CB14D2128400BF365D /* Crypto.cpp in Sources */ = {isa = PBXBuildFile; fileRef = FA0704C814D2128400BF365D /* Crypto.cpp */; };
		FA0704CE14D212E100BF365D /* md5.c in Sources */ = {isa = PBXBuildFile; fileRef = FA0704CC14D212E100BF365D /* md5.c */; };
		FA0704DE14D2160000BF365D /* libcAudio.a in Frameworks */ = {isa = PBXBuildFile; fileRef = FA0704DB14D2160000BF365D /* libcAudio.a */; };
		FA0704DF14D2160000BF365D /* libOgg.a in Frameworks */ = {isa = PBXBuildFile; fileRef = FA0704DC14D2160000BF365D /* libOgg.a */; };
		FA0704E014D2160000BF365D /* libVorbis.a in Frameworks */ = {isa = PBXBuildFile; fileRef = FA0704DD14D2160000BF365D /* libVorbis.a */; };
		FA0704E314D2163B00BF365D /* OpenAL.framework in Frameworks */ = {isa = PBXBuildFile; fileRef = FA0704E214D2163B00BF365D /* OpenAL.framework */; };
		FA803F071486CD060068EF79 /* Assets in Resources */ = {isa = PBXBuildFile; fileRef = FA803F061486CD060068EF79 /* Assets */; };
		FA833BC51480D83D00491033 /* InfoPlist.strings in Resources */ = {isa = PBXBuildFile; fileRef = FA833BC31480D83D00491033 /* InfoPlist.strings */; };
		FA833BCB1480D83D00491033 /* Credits.rtf in Resources */ = {isa = PBXBuildFile; fileRef = FA833BC91480D83D00491033 /* Credits.rtf */; };
		FA854271148445960086FCCE /* sfml-system.framework in Frameworks */ = {isa = PBXBuildFile; fileRef = FA85426E148445960086FCCE /* sfml-system.framework */; };
		FA854272148445960086FCCE /* sfml-window.framework in Frameworks */ = {isa = PBXBuildFile; fileRef = FA85426F148445960086FCCE /* sfml-window.framework */; };
		FA854274148445B60086FCCE /* OpenGL.framework in Frameworks */ = {isa = PBXBuildFile; fileRef = FA854273148445B60086FCCE /* OpenGL.framework */; };
		FA85427F148447540086FCCE /* sfml-system.framework in CopyFiles */ = {isa = PBXBuildFile; fileRef = FA85426E148445960086FCCE /* sfml-system.framework */; };
		FA854280148447540086FCCE /* sfml-window.framework in CopyFiles */ = {isa = PBXBuildFile; fileRef = FA85426F148445960086FCCE /* sfml-window.framework */; };
		FA9656E114BE32E70082CBB1 /* Camera.cpp in Sources */ = {isa = PBXBuildFile; fileRef = FA96567014BE32E70082CBB1 /* Camera.cpp */; };
		FA9656E214BE32E70082CBB1 /* Image.cpp in Sources */ = {isa = PBXBuildFile; fileRef = FA96567214BE32E70082CBB1 /* Image.cpp */; };
		FA9656E314BE32E70082CBB1 /* ModelObj.cpp in Sources */ = {isa = PBXBuildFile; fileRef = FA96567414BE32E70082CBB1 /* ModelObj.cpp */; };
		FA9656E414BE32E70082CBB1 /* OpengGLRenderManager.cpp in Sources */ = {isa = PBXBuildFile; fileRef = FA96567714BE32E70082CBB1 /* OpengGLRenderManager.cpp */; };
		FA9656E714BE32E70082CBB1 /* RenderManager.cpp in Sources */ = {isa = PBXBuildFile; fileRef = FA96567E14BE32E70082CBB1 /* RenderManager.cpp */; };
		FA9656E814BE32E70082CBB1 /* SplashScreen.cpp in Sources */ = {isa = PBXBuildFile; fileRef = FA96568014BE32E70082CBB1 /* SplashScreen.cpp */; };
		FA9656E914BE32E70082CBB1 /* Sprite.cpp in Sources */ = {isa = PBXBuildFile; fileRef = FA96568214BE32E70082CBB1 /* Sprite.cpp */; };
		FA9656EA14BE32E70082CBB1 /* Sprite3D.cpp in Sources */ = {isa = PBXBuildFile; fileRef = FA96568414BE32E70082CBB1 /* Sprite3D.cpp */; };
		FA9656EB14BE32E70082CBB1 /* TextureManager.cpp in Sources */ = {isa = PBXBuildFile; fileRef = FA96568814BE32E70082CBB1 /* TextureManager.cpp */; };
		FA9656EC14BE32E70082CBB1 /* TrueTypeFont.cpp in Sources */ = {isa = PBXBuildFile; fileRef = FA96568A14BE32E70082CBB1 /* TrueTypeFont.cpp */; };
		FA9656ED14BE32E70082CBB1 /* BoundingBox.cpp in Sources */ = {isa = PBXBuildFile; fileRef = FA96568E14BE32E70082CBB1 /* BoundingBox.cpp */; };
		FA9656EE14BE32E70082CBB1 /* BoundingSphere.cpp in Sources */ = {isa = PBXBuildFile; fileRef = FA96569014BE32E70082CBB1 /* BoundingSphere.cpp */; };
		FA9656EF14BE32E70082CBB1 /* Frustum.cpp in Sources */ = {isa = PBXBuildFile; fileRef = FA96569214BE32E70082CBB1 /* Frustum.cpp */; };
		FA9656F014BE32E70082CBB1 /* MathLib.cpp in Sources */ = {isa = PBXBuildFile; fileRef = FA96569414BE32E70082CBB1 /* MathLib.cpp */; };
		FA9656F114BE32E70082CBB1 /* Matrix3.cpp in Sources */ = {isa = PBXBuildFile; fileRef = FA96569614BE32E70082CBB1 /* Matrix3.cpp */; };
		FA9656F214BE32E70082CBB1 /* Matrix4.cpp in Sources */ = {isa = PBXBuildFile; fileRef = FA96569814BE32E70082CBB1 /* Matrix4.cpp */; };
		FA9656F314BE32E70082CBB1 /* Plane.cpp in Sources */ = {isa = PBXBuildFile; fileRef = FA96569A14BE32E70082CBB1 /* Plane.cpp */; };
		FA9656F414BE32E70082CBB1 /* Polygon.cpp in Sources */ = {isa = PBXBuildFile; fileRef = FA96569C14BE32E70082CBB1 /* Polygon.cpp */; };
		FA9656F514BE32E70082CBB1 /* Quaternion.cpp in Sources */ = {isa = PBXBuildFile; fileRef = FA96569E14BE32E70082CBB1 /* Quaternion.cpp */; };
		FA9656F614BE32E70082CBB1 /* Ray.cpp in Sources */ = {isa = PBXBuildFile; fileRef = FA9656A014BE32E70082CBB1 /* Ray.cpp */; };
		FA9656F714BE32E70082CBB1 /* Vector2.cpp in Sources */ = {isa = PBXBuildFile; fileRef = FA9656A214BE32E70082CBB1 /* Vector2.cpp */; };
		FA9656F814BE32E70082CBB1 /* Vector3.cpp in Sources */ = {isa = PBXBuildFile; fileRef = FA9656A414BE32E70082CBB1 /* Vector3.cpp */; };
		FA9656F914BE32E70082CBB1 /* Vector4.cpp in Sources */ = {isa = PBXBuildFile; fileRef = FA9656A614BE32E70082CBB1 /* Vector4.cpp */; };
		FA9656FA14BE32E70082CBB1 /* Http.cpp in Sources */ = {isa = PBXBuildFile; fileRef = FA9656A914BE32E70082CBB1 /* Http.cpp */; };
		FA9656FB14BE32E70082CBB1 /* IPAddress.cpp in Sources */ = {isa = PBXBuildFile; fileRef = FA9656AB14BE32E70082CBB1 /* IPAddress.cpp */; };
		FA9656FC14BE32E70082CBB1 /* NetworkManager.cpp in Sources */ = {isa = PBXBuildFile; fileRef = FA9656AD14BE32E70082CBB1 /* NetworkManager.cpp */; };
		FA9656FD14BE32E70082CBB1 /* Packet.cpp in Sources */ = {isa = PBXBuildFile; fileRef = FA9656AF14BE32E70082CBB1 /* Packet.cpp */; };
		FA9656FE14BE32E70082CBB1 /* PcNetworkManager.cpp in Sources */ = {isa = PBXBuildFile; fileRef = FA9656B214BE32E70082CBB1 /* PcNetworkManager.cpp */; };
		FA96570114BE32E70082CBB1 /* SelectorBase.cpp in Sources */ = {isa = PBXBuildFile; fileRef = FA9656B914BE32E70082CBB1 /* SelectorBase.cpp */; };
		FA96570214BE32E70082CBB1 /* SocketTCP.cpp in Sources */ = {isa = PBXBuildFile; fileRef = FA9656BC14BE32E70082CBB1 /* SocketTCP.cpp */; };
		FA96570314BE32E70082CBB1 /* SocketUDP.cpp in Sources */ = {isa = PBXBuildFile; fileRef = FA9656BE14BE32E70082CBB1 /* SocketUDP.cpp */; };
		FA96570414BE32E70082CBB1 /* SocketHelper.cpp in Sources */ = {isa = PBXBuildFile; fileRef = FA9656C114BE32E70082CBB1 /* SocketHelper.cpp */; };
		FA96570614BE32E70082CBB1 /* Clock.cpp in Sources */ = {isa = PBXBuildFile; fileRef = FA9656C914BE32E70082CBB1 /* Clock.cpp */; };
		FA96570714BE32E70082CBB1 /* PcSystemManager.cpp in Sources */ = {isa = PBXBuildFile; fileRef = FA9656CA14BE32E70082CBB1 /* PcSystemManager.cpp */; };
		FA96570A14BE32E70082CBB1 /* SystemManager.cpp in Sources */ = {isa = PBXBuildFile; fileRef = FA9656D014BE32E70082CBB1 /* SystemManager.cpp */; };
		FA96570B14BE32E70082CBB1 /* GameLoader.cpp in Sources */ = {isa = PBXBuildFile; fileRef = FA9656D314BE32E70082CBB1 /* GameLoader.cpp */; };
		FA96570C14BE32E70082CBB1 /* GameManager.cpp in Sources */ = {isa = PBXBuildFile; fileRef = FA9656D514BE32E70082CBB1 /* GameManager.cpp */; };
		FA96570D14BE32E70082CBB1 /* WinGameLoader.cpp in Sources */ = {isa = PBXBuildFile; fileRef = FA9656D914BE32E70082CBB1 /* WinGameLoader.cpp */; };
		FA96571B14BE32F50082CBB1 /* ClientTest.cpp in Sources */ = {isa = PBXBuildFile; fileRef = FA96571114BE32F50082CBB1 /* ClientTest.cpp */; };
		FA96571C14BE32F50082CBB1 /* Demo_ObjLoading.cpp in Sources */ = {isa = PBXBuildFile; fileRef = FA96571314BE32F50082CBB1 /* Demo_ObjLoading.cpp */; };
		FA96571D14BE32F50082CBB1 /* ExampleGame.cpp in Sources */ = {isa = PBXBuildFile; fileRef = FA96571514BE32F50082CBB1 /* ExampleGame.cpp */; };
		FA96571E14BE32F50082CBB1 /* ServerTest.cpp in Sources */ = {isa = PBXBuildFile; fileRef = FA96571714BE32F50082CBB1 /* ServerTest.cpp */; };
		FA96571F14BE32F50082CBB1 /* SimpleTest.cpp in Sources */ = {isa = PBXBuildFile; fileRef = FA96571914BE32F50082CBB1 /* SimpleTest.cpp */; };
		FA96572114BE32FC0082CBB1 /* Starter.cpp in Sources */ = {isa = PBXBuildFile; fileRef = FA96572014BE32FC0082CBB1 /* Starter.cpp */; };
		FAF37C3014C1FED300931646 /* sfml-graphics.framework in Frameworks */ = {isa = PBXBuildFile; fileRef = FAF37C2F14C1FED300931646 /* sfml-graphics.framework */; };
		FAF37C3214C1FF5E00931646 /* sfml-graphics.framework in CopyFiles */ = {isa = PBXBuildFile; fileRef = FAF37C2F14C1FED300931646 /* sfml-graphics.framework */; };
/* End PBXBuildFile section */

/* Begin PBXCopyFilesBuildPhase section */
		FA85427D148447440086FCCE /* CopyFiles */ = {
			isa = PBXCopyFilesBuildPhase;
			buildActionMask = 2147483647;
			dstPath = "";
			dstSubfolderSpec = 10;
			files = (
				FAF37C3214C1FF5E00931646 /* sfml-graphics.framework in CopyFiles */,
				FA85427F148447540086FCCE /* sfml-system.framework in CopyFiles */,
				FA854280148447540086FCCE /* sfml-window.framework in CopyFiles */,
			);
			runOnlyForDeploymentPostprocessing = 0;
		};
/* End PBXCopyFilesBuildPhase section */

/* Begin PBXFileReference section */
		FA0704A814D2121300BF365D /* AudioManager.cpp */ = {isa = PBXFileReference; fileEncoding = 4; lastKnownFileType = sourcecode.cpp.cpp; path = AudioManager.cpp; sourceTree = "<group>"; };
		FA0704A914D2121300BF365D /* AudioManager.h */ = {isa = PBXFileReference; fileEncoding = 4; lastKnownFileType = sourcecode.c.h; path = AudioManager.h; sourceTree = "<group>"; };
		FA0704AB14D2121300BF365D /* cAudioManager.cpp */ = {isa = PBXFileReference; fileEncoding = 4; lastKnownFileType = sourcecode.cpp.cpp; path = cAudioManager.cpp; sourceTree = "<group>"; };
		FA0704AC14D2121300BF365D /* cAudioManager.h */ = {isa = PBXFileReference; fileEncoding = 4; lastKnownFileType = sourcecode.c.h; path = cAudioManager.h; sourceTree = "<group>"; };
		FA0704AD14D2121300BF365D /* Sound.cpp */ = {isa = PBXFileReference; fileEncoding = 4; lastKnownFileType = sourcecode.cpp.cpp; path = Sound.cpp; sourceTree = "<group>"; };
		FA0704B714D2121300BF365D /* Sound.h */ = {isa = PBXFileReference; fileEncoding = 4; lastKnownFileType = sourcecode.c.h; path = Sound.h; sourceTree = "<group>"; };
		FA0704C014D2126C00BF365D /* VFSFile.cpp */ = {isa = PBXFileReference; fileEncoding = 4; lastKnownFileType = sourcecode.cpp.cpp; path = VFSFile.cpp; sourceTree = "<group>"; };
		FA0704C114D2126C00BF365D /* VFSFile.h */ = {isa = PBXFileReference; fileEncoding = 4; lastKnownFileType = sourcecode.c.h; path = VFSFile.h; sourceTree = "<group>"; };
		FA0704C214D2126C00BF365D /* VFSPack.cpp */ = {isa = PBXFileReference; fileEncoding = 4; lastKnownFileType = sourcecode.cpp.cpp; path = VFSPack.cpp; sourceTree = "<group>"; };
		FA0704C314D2126C00BF365D /* VFSPack.h */ = {isa = PBXFileReference; fileEncoding = 4; lastKnownFileType = sourcecode.c.h; path = VFSPack.h; sourceTree = "<group>"; };
		FA0704C614D2128400BF365D /* AES.cpp */ = {isa = PBXFileReference; fileEncoding = 4; lastKnownFileType = sourcecode.cpp.cpp; path = AES.cpp; sourceTree = "<group>"; };
		FA0704C714D2128400BF365D /* AES.h */ = {isa = PBXFileReference; fileEncoding = 4; lastKnownFileType = sourcecode.c.h; path = AES.h; sourceTree = "<group>"; };
		FA0704C814D2128400BF365D /* Crypto.cpp */ = {isa = PBXFileReference; fileEncoding = 4; lastKnownFileType = sourcecode.cpp.cpp; path = Crypto.cpp; sourceTree = "<group>"; };
		FA0704C914D2128400BF365D /* Crypto.h */ = {isa = PBXFileReference; fileEncoding = 4; lastKnownFileType = sourcecode.c.h; path = Crypto.h; sourceTree = "<group>"; };
		FA0704CC14D212E100BF365D /* md5.c */ = {isa = PBXFileReference; fileEncoding = 4; lastKnownFileType = sourcecode.c.c; path = md5.c; sourceTree = "<group>"; };
		FA0704CD14D212E100BF365D /* md5.h */ = {isa = PBXFileReference; fileEncoding = 4; lastKnownFileType = sourcecode.c.h; path = md5.h; sourceTree = "<group>"; };
		FA0704DB14D2160000BF365D /* libcAudio.a */ = {isa = PBXFileReference; lastKnownFileType = archive.ar; name = libcAudio.a; path = Aurora/libs/cAudio/lib/mac/libcAudio.a; sourceTree = "<group>"; };
		FA0704DC14D2160000BF365D /* libOgg.a */ = {isa = PBXFileReference; lastKnownFileType = archive.ar; name = libOgg.a; path = Aurora/libs/cAudio/lib/mac/libOgg.a; sourceTree = "<group>"; };
		FA0704DD14D2160000BF365D /* libVorbis.a */ = {isa = PBXFileReference; lastKnownFileType = archive.ar; name = libVorbis.a; path = Aurora/libs/cAudio/lib/mac/libVorbis.a; sourceTree = "<group>"; };
		FA0704E214D2163B00BF365D /* OpenAL.framework */ = {isa = PBXFileReference; lastKnownFileType = wrapper.framework; name = OpenAL.framework; path = System/Library/Frameworks/OpenAL.framework; sourceTree = SDKROOT; };
		FA803F061486CD060068EF79 /* Assets */ = {isa = PBXFileReference; lastKnownFileType = folder; name = Assets; path = Aurora/Assets; sourceTree = "<group>"; };
		FA833BB61480D83C00491033 /* Aurora.app */ = {isa = PBXFileReference; explicitFileType = wrapper.application; includeInIndex = 0; path = Aurora.app; sourceTree = BUILT_PRODUCTS_DIR; };
		FA833BC21480D83D00491033 /* Aurora-Info.plist */ = {isa = PBXFileReference; lastKnownFileType = text.plist.xml; path = "Aurora-Info.plist"; sourceTree = "<group>"; };
		FA833BC41480D83D00491033 /* en */ = {isa = PBXFileReference; lastKnownFileType = text.plist.strings; name = en; path = en.lproj/InfoPlist.strings; sourceTree = "<group>"; };
		FA833BC81480D83D00491033 /* Aurora-Prefix.pch */ = {isa = PBXFileReference; lastKnownFileType = sourcecode.c.h; path = "Aurora-Prefix.pch"; sourceTree = "<group>"; };
		FA833BCA1480D83D00491033 /* en */ = {isa = PBXFileReference; lastKnownFileType = text.rtf; name = en; path = en.lproj/Credits.rtf; sourceTree = "<group>"; };
		FA85426E148445960086FCCE /* sfml-system.framework */ = {isa = PBXFileReference; lastKnownFileType = wrapper.framework; name = "sfml-system.framework"; path = "Aurora/libs/sfml/mac/sfml-system.framework"; sourceTree = "<group>"; };
		FA85426F148445960086FCCE /* sfml-window.framework */ = {isa = PBXFileReference; lastKnownFileType = wrapper.framework; name = "sfml-window.framework"; path = "Aurora/libs/sfml/mac/sfml-window.framework"; sourceTree = "<group>"; };
		FA854273148445B60086FCCE /* OpenGL.framework */ = {isa = PBXFileReference; lastKnownFileType = wrapper.framework; name = OpenGL.framework; path = System/Library/Frameworks/OpenGL.framework; sourceTree = SDKROOT; };
		FA96567014BE32E70082CBB1 /* Camera.cpp */ = {isa = PBXFileReference; fileEncoding = 4; lastKnownFileType = sourcecode.cpp.cpp; path = Camera.cpp; sourceTree = "<group>"; };
		FA96567114BE32E70082CBB1 /* Camera.h */ = {isa = PBXFileReference; fileEncoding = 4; lastKnownFileType = sourcecode.c.h; path = Camera.h; sourceTree = "<group>"; };
		FA96567214BE32E70082CBB1 /* Image.cpp */ = {isa = PBXFileReference; fileEncoding = 4; lastKnownFileType = sourcecode.cpp.cpp; path = Image.cpp; sourceTree = "<group>"; };
		FA96567314BE32E70082CBB1 /* Image.h */ = {isa = PBXFileReference; fileEncoding = 4; lastKnownFileType = sourcecode.c.h; path = Image.h; sourceTree = "<group>"; };
		FA96567414BE32E70082CBB1 /* ModelObj.cpp */ = {isa = PBXFileReference; fileEncoding = 4; lastKnownFileType = sourcecode.cpp.cpp; path = ModelObj.cpp; sourceTree = "<group>"; };
		FA96567514BE32E70082CBB1 /* ModelObj.h */ = {isa = PBXFileReference; fileEncoding = 4; lastKnownFileType = sourcecode.c.h; path = ModelObj.h; sourceTree = "<group>"; };
		FA96567714BE32E70082CBB1 /* OpengGLRenderManager.cpp */ = {isa = PBXFileReference; fileEncoding = 4; lastKnownFileType = sourcecode.cpp.cpp; path = OpengGLRenderManager.cpp; sourceTree = "<group>"; };
		FA96567814BE32E70082CBB1 /* OpenGLRenderManager.h */ = {isa = PBXFileReference; fileEncoding = 4; lastKnownFileType = sourcecode.c.h; path = OpenGLRenderManager.h; sourceTree = "<group>"; };
		FA96567E14BE32E70082CBB1 /* RenderManager.cpp */ = {isa = PBXFileReference; fileEncoding = 4; lastKnownFileType = sourcecode.cpp.cpp; path = RenderManager.cpp; sourceTree = "<group>"; };
		FA96567F14BE32E70082CBB1 /* RenderManager.h */ = {isa = PBXFileReference; fileEncoding = 4; lastKnownFileType = sourcecode.c.h; path = RenderManager.h; sourceTree = "<group>"; };
		FA96568014BE32E70082CBB1 /* SplashScreen.cpp */ = {isa = PBXFileReference; fileEncoding = 4; lastKnownFileType = sourcecode.cpp.cpp; path = SplashScreen.cpp; sourceTree = "<group>"; };
		FA96568114BE32E70082CBB1 /* SplashScreen.h */ = {isa = PBXFileReference; fileEncoding = 4; lastKnownFileType = sourcecode.c.h; path = SplashScreen.h; sourceTree = "<group>"; };
		FA96568214BE32E70082CBB1 /* Sprite.cpp */ = {isa = PBXFileReference; fileEncoding = 4; lastKnownFileType = sourcecode.cpp.cpp; path = Sprite.cpp; sourceTree = "<group>"; };
		FA96568314BE32E70082CBB1 /* Sprite.h */ = {isa = PBXFileReference; fileEncoding = 4; lastKnownFileType = sourcecode.c.h; path = Sprite.h; sourceTree = "<group>"; };
		FA96568414BE32E70082CBB1 /* Sprite3D.cpp */ = {isa = PBXFileReference; fileEncoding = 4; lastKnownFileType = sourcecode.cpp.cpp; path = Sprite3D.cpp; sourceTree = "<group>"; };
		FA96568514BE32E70082CBB1 /* Sprite3D.h */ = {isa = PBXFileReference; fileEncoding = 4; lastKnownFileType = sourcecode.c.h; path = Sprite3D.h; sourceTree = "<group>"; };
		FA96568614BE32E70082CBB1 /* stb_image.h */ = {isa = PBXFileReference; fileEncoding = 4; lastKnownFileType = sourcecode.c.h; path = stb_image.h; sourceTree = "<group>"; };
		FA96568714BE32E70082CBB1 /* stb_truetype.h */ = {isa = PBXFileReference; fileEncoding = 4; lastKnownFileType = sourcecode.c.h; path = stb_truetype.h; sourceTree = "<group>"; };
		FA96568814BE32E70082CBB1 /* TextureManager.cpp */ = {isa = PBXFileReference; fileEncoding = 4; lastKnownFileType = sourcecode.cpp.cpp; path = TextureManager.cpp; sourceTree = "<group>"; };
		FA96568914BE32E70082CBB1 /* TextureManager.h */ = {isa = PBXFileReference; fileEncoding = 4; lastKnownFileType = sourcecode.c.h; path = TextureManager.h; sourceTree = "<group>"; };
		FA96568A14BE32E70082CBB1 /* TrueTypeFont.cpp */ = {isa = PBXFileReference; fileEncoding = 4; lastKnownFileType = sourcecode.cpp.cpp; path = TrueTypeFont.cpp; sourceTree = "<group>"; };
		FA96568B14BE32E70082CBB1 /* TrueTypeFont.h */ = {isa = PBXFileReference; fileEncoding = 4; lastKnownFileType = sourcecode.c.h; path = TrueTypeFont.h; sourceTree = "<group>"; };
		FA96568C14BE32E70082CBB1 /* Vertex.h */ = {isa = PBXFileReference; fileEncoding = 4; lastKnownFileType = sourcecode.c.h; path = Vertex.h; sourceTree = "<group>"; };
		FA96568E14BE32E70082CBB1 /* BoundingBox.cpp */ = {isa = PBXFileReference; fileEncoding = 4; lastKnownFileType = sourcecode.cpp.cpp; path = BoundingBox.cpp; sourceTree = "<group>"; };
		FA96568F14BE32E70082CBB1 /* BoundingBox.h */ = {isa = PBXFileReference; fileEncoding = 4; lastKnownFileType = sourcecode.c.h; path = BoundingBox.h; sourceTree = "<group>"; };
		FA96569014BE32E70082CBB1 /* BoundingSphere.cpp */ = {isa = PBXFileReference; fileEncoding = 4; lastKnownFileType = sourcecode.cpp.cpp; path = BoundingSphere.cpp; sourceTree = "<group>"; };
		FA96569114BE32E70082CBB1 /* BoundingSphere.h */ = {isa = PBXFileReference; fileEncoding = 4; lastKnownFileType = sourcecode.c.h; path = BoundingSphere.h; sourceTree = "<group>"; };
		FA96569214BE32E70082CBB1 /* Frustum.cpp */ = {isa = PBXFileReference; fileEncoding = 4; lastKnownFileType = sourcecode.cpp.cpp; path = Frustum.cpp; sourceTree = "<group>"; };
		FA96569314BE32E70082CBB1 /* Frustum.h */ = {isa = PBXFileReference; fileEncoding = 4; lastKnownFileType = sourcecode.c.h; path = Frustum.h; sourceTree = "<group>"; };
		FA96569414BE32E70082CBB1 /* MathLib.cpp */ = {isa = PBXFileReference; fileEncoding = 4; lastKnownFileType = sourcecode.cpp.cpp; path = MathLib.cpp; sourceTree = "<group>"; };
		FA96569514BE32E70082CBB1 /* MathLib.h */ = {isa = PBXFileReference; fileEncoding = 4; lastKnownFileType = sourcecode.c.h; path = MathLib.h; sourceTree = "<group>"; };
		FA96569614BE32E70082CBB1 /* Matrix3.cpp */ = {isa = PBXFileReference; fileEncoding = 4; lastKnownFileType = sourcecode.cpp.cpp; path = Matrix3.cpp; sourceTree = "<group>"; };
		FA96569714BE32E70082CBB1 /* Matrix3.h */ = {isa = PBXFileReference; fileEncoding = 4; lastKnownFileType = sourcecode.c.h; path = Matrix3.h; sourceTree = "<group>"; };
		FA96569814BE32E70082CBB1 /* Matrix4.cpp */ = {isa = PBXFileReference; fileEncoding = 4; lastKnownFileType = sourcecode.cpp.cpp; path = Matrix4.cpp; sourceTree = "<group>"; };
		FA96569914BE32E70082CBB1 /* Matrix4.h */ = {isa = PBXFileReference; fileEncoding = 4; lastKnownFileType = sourcecode.c.h; path = Matrix4.h; sourceTree = "<group>"; };
		FA96569A14BE32E70082CBB1 /* Plane.cpp */ = {isa = PBXFileReference; fileEncoding = 4; lastKnownFileType = sourcecode.cpp.cpp; path = Plane.cpp; sourceTree = "<group>"; };
		FA96569B14BE32E70082CBB1 /* Plane.h */ = {isa = PBXFileReference; fileEncoding = 4; lastKnownFileType = sourcecode.c.h; path = Plane.h; sourceTree = "<group>"; };
		FA96569C14BE32E70082CBB1 /* Polygon.cpp */ = {isa = PBXFileReference; fileEncoding = 4; lastKnownFileType = sourcecode.cpp.cpp; path = Polygon.cpp; sourceTree = "<group>"; };
		FA96569D14BE32E70082CBB1 /* Polygon.h */ = {isa = PBXFileReference; fileEncoding = 4; lastKnownFileType = sourcecode.c.h; path = Polygon.h; sourceTree = "<group>"; };
		FA96569E14BE32E70082CBB1 /* Quaternion.cpp */ = {isa = PBXFileReference; fileEncoding = 4; lastKnownFileType = sourcecode.cpp.cpp; path = Quaternion.cpp; sourceTree = "<group>"; };
		FA96569F14BE32E70082CBB1 /* Quaternion.h */ = {isa = PBXFileReference; fileEncoding = 4; lastKnownFileType = sourcecode.c.h; path = Quaternion.h; sourceTree = "<group>"; };
		FA9656A014BE32E70082CBB1 /* Ray.cpp */ = {isa = PBXFileReference; fileEncoding = 4; lastKnownFileType = sourcecode.cpp.cpp; path = Ray.cpp; sourceTree = "<group>"; };
		FA9656A114BE32E70082CBB1 /* Ray.h */ = {isa = PBXFileReference; fileEncoding = 4; lastKnownFileType = sourcecode.c.h; path = Ray.h; sourceTree = "<group>"; };
		FA9656A214BE32E70082CBB1 /* Vector2.cpp */ = {isa = PBXFileReference; fileEncoding = 4; lastKnownFileType = sourcecode.cpp.cpp; path = Vector2.cpp; sourceTree = "<group>"; };
		FA9656A314BE32E70082CBB1 /* Vector2.h */ = {isa = PBXFileReference; fileEncoding = 4; lastKnownFileType = sourcecode.c.h; path = Vector2.h; sourceTree = "<group>"; };
		FA9656A414BE32E70082CBB1 /* Vector3.cpp */ = {isa = PBXFileReference; fileEncoding = 4; lastKnownFileType = sourcecode.cpp.cpp; path = Vector3.cpp; sourceTree = "<group>"; };
		FA9656A514BE32E70082CBB1 /* Vector3.h */ = {isa = PBXFileReference; fileEncoding = 4; lastKnownFileType = sourcecode.c.h; path = Vector3.h; sourceTree = "<group>"; };
		FA9656A614BE32E70082CBB1 /* Vector4.cpp */ = {isa = PBXFileReference; fileEncoding = 4; lastKnownFileType = sourcecode.cpp.cpp; path = Vector4.cpp; sourceTree = "<group>"; };
		FA9656A714BE32E70082CBB1 /* Vector4.h */ = {isa = PBXFileReference; fileEncoding = 4; lastKnownFileType = sourcecode.c.h; path = Vector4.h; sourceTree = "<group>"; };
		FA9656A914BE32E70082CBB1 /* Http.cpp */ = {isa = PBXFileReference; fileEncoding = 4; lastKnownFileType = sourcecode.cpp.cpp; path = Http.cpp; sourceTree = "<group>"; };
		FA9656AA14BE32E70082CBB1 /* Http.hpp */ = {isa = PBXFileReference; fileEncoding = 4; lastKnownFileType = sourcecode.cpp.h; path = Http.hpp; sourceTree = "<group>"; };
		FA9656AB14BE32E70082CBB1 /* IPAddress.cpp */ = {isa = PBXFileReference; fileEncoding = 4; lastKnownFileType = sourcecode.cpp.cpp; path = IPAddress.cpp; sourceTree = "<group>"; };
		FA9656AC14BE32E70082CBB1 /* IPAddress.hpp */ = {isa = PBXFileReference; fileEncoding = 4; lastKnownFileType = sourcecode.cpp.h; path = IPAddress.hpp; sourceTree = "<group>"; };
		FA9656AD14BE32E70082CBB1 /* NetworkManager.cpp */ = {isa = PBXFileReference; fileEncoding = 4; lastKnownFileType = sourcecode.cpp.cpp; path = NetworkManager.cpp; sourceTree = "<group>"; };
		FA9656AE14BE32E70082CBB1 /* NetworkManager.h */ = {isa = PBXFileReference; fileEncoding = 4; lastKnownFileType = sourcecode.c.h; path = NetworkManager.h; sourceTree = "<group>"; };
		FA9656AF14BE32E70082CBB1 /* Packet.cpp */ = {isa = PBXFileReference; fileEncoding = 4; lastKnownFileType = sourcecode.cpp.cpp; path = Packet.cpp; sourceTree = "<group>"; };
		FA9656B014BE32E70082CBB1 /* Packet.hpp */ = {isa = PBXFileReference; fileEncoding = 4; lastKnownFileType = sourcecode.cpp.h; path = Packet.hpp; sourceTree = "<group>"; };
		FA9656B214BE32E70082CBB1 /* PcNetworkManager.cpp */ = {isa = PBXFileReference; fileEncoding = 4; lastKnownFileType = sourcecode.cpp.cpp; path = PcNetworkManager.cpp; sourceTree = "<group>"; };
		FA9656B314BE32E70082CBB1 /* PcNetworkManager.h */ = {isa = PBXFileReference; fileEncoding = 4; lastKnownFileType = sourcecode.c.h; path = PcNetworkManager.h; sourceTree = "<group>"; };
		FA9656B714BE32E70082CBB1 /* Selector.hpp */ = {isa = PBXFileReference; fileEncoding = 4; lastKnownFileType = sourcecode.cpp.h; path = Selector.hpp; sourceTree = "<group>"; };
		FA9656B814BE32E70082CBB1 /* Selector.inl */ = {isa = PBXFileReference; fileEncoding = 4; lastKnownFileType = text; path = Selector.inl; sourceTree = "<group>"; };
		FA9656B914BE32E70082CBB1 /* SelectorBase.cpp */ = {isa = PBXFileReference; fileEncoding = 4; lastKnownFileType = sourcecode.cpp.cpp; path = SelectorBase.cpp; sourceTree = "<group>"; };
		FA9656BA14BE32E70082CBB1 /* SelectorBase.hpp */ = {isa = PBXFileReference; fileEncoding = 4; lastKnownFileType = sourcecode.cpp.h; path = SelectorBase.hpp; sourceTree = "<group>"; };
		FA9656BB14BE32E70082CBB1 /* SocketHelper.hpp */ = {isa = PBXFileReference; fileEncoding = 4; lastKnownFileType = sourcecode.cpp.h; path = SocketHelper.hpp; sourceTree = "<group>"; };
		FA9656BC14BE32E70082CBB1 /* SocketTCP.cpp */ = {isa = PBXFileReference; fileEncoding = 4; lastKnownFileType = sourcecode.cpp.cpp; path = SocketTCP.cpp; sourceTree = "<group>"; };
		FA9656BD14BE32E70082CBB1 /* SocketTCP.hpp */ = {isa = PBXFileReference; fileEncoding = 4; lastKnownFileType = sourcecode.cpp.h; path = SocketTCP.hpp; sourceTree = "<group>"; };
		FA9656BE14BE32E70082CBB1 /* SocketUDP.cpp */ = {isa = PBXFileReference; fileEncoding = 4; lastKnownFileType = sourcecode.cpp.cpp; path = SocketUDP.cpp; sourceTree = "<group>"; };
		FA9656BF14BE32E70082CBB1 /* SocketUDP.hpp */ = {isa = PBXFileReference; fileEncoding = 4; lastKnownFileType = sourcecode.cpp.h; path = SocketUDP.hpp; sourceTree = "<group>"; };
		FA9656C114BE32E70082CBB1 /* SocketHelper.cpp */ = {isa = PBXFileReference; fileEncoding = 4; lastKnownFileType = sourcecode.cpp.cpp; path = SocketHelper.cpp; sourceTree = "<group>"; };
		FA9656C214BE32E70082CBB1 /* SocketHelper.hpp */ = {isa = PBXFileReference; fileEncoding = 4; lastKnownFileType = sourcecode.cpp.h; path = SocketHelper.hpp; sourceTree = "<group>"; };
		FA9656C714BE32E70082CBB1 /* Clock.h */ = {isa = PBXFileReference; fileEncoding = 4; lastKnownFileType = sourcecode.c.h; path = Clock.h; sourceTree = "<group>"; };
		FA9656C914BE32E70082CBB1 /* Clock.cpp */ = {isa = PBXFileReference; fileEncoding = 4; lastKnownFileType = sourcecode.cpp.cpp; path = Clock.cpp; sourceTree = "<group>"; };
		FA9656CA14BE32E70082CBB1 /* PcSystemManager.cpp */ = {isa = PBXFileReference; fileEncoding = 4; lastKnownFileType = sourcecode.cpp.cpp; path = PcSystemManager.cpp; sourceTree = "<group>"; };
		FA9656CB14BE32E70082CBB1 /* PcSystemManager.h */ = {isa = PBXFileReference; fileEncoding = 4; lastKnownFileType = sourcecode.c.h; path = PcSystemManager.h; sourceTree = "<group>"; };
		FA9656D014BE32E70082CBB1 /* SystemManager.cpp */ = {isa = PBXFileReference; fileEncoding = 4; lastKnownFileType = sourcecode.cpp.cpp; path = SystemManager.cpp; sourceTree = "<group>"; };
		FA9656D114BE32E70082CBB1 /* SystemManager.h */ = {isa = PBXFileReference; fileEncoding = 4; lastKnownFileType = sourcecode.c.h; path = SystemManager.h; sourceTree = "<group>"; };
		FA9656D314BE32E70082CBB1 /* GameLoader.cpp */ = {isa = PBXFileReference; fileEncoding = 4; lastKnownFileType = sourcecode.cpp.cpp; path = GameLoader.cpp; sourceTree = "<group>"; };
		FA9656D414BE32E70082CBB1 /* GameLoader.h */ = {isa = PBXFileReference; fileEncoding = 4; lastKnownFileType = sourcecode.c.h; path = GameLoader.h; sourceTree = "<group>"; };
		FA9656D514BE32E70082CBB1 /* GameManager.cpp */ = {isa = PBXFileReference; fileEncoding = 4; lastKnownFileType = sourcecode.cpp.cpp; path = GameManager.cpp; sourceTree = "<group>"; };
		FA9656D614BE32E70082CBB1 /* GameManager.h */ = {isa = PBXFileReference; fileEncoding = 4; lastKnownFileType = sourcecode.c.h; path = GameManager.h; sourceTree = "<group>"; };
		FA9656D714BE32E70082CBB1 /* GameState.h */ = {isa = PBXFileReference; fileEncoding = 4; lastKnownFileType = sourcecode.c.h; path = GameState.h; sourceTree = "<group>"; };
		FA9656D914BE32E70082CBB1 /* WinGameLoader.cpp */ = {isa = PBXFileReference; fileEncoding = 4; lastKnownFileType = sourcecode.cpp.cpp; path = WinGameLoader.cpp; sourceTree = "<group>"; };
		FA9656DA14BE32E70082CBB1 /* WinGameLoader.h */ = {isa = PBXFileReference; fileEncoding = 4; lastKnownFileType = sourcecode.c.h; path = WinGameLoader.h; sourceTree = "<group>"; };
		FA9656DB14BE32E70082CBB1 /* PlatformConfigurator.h */ = {isa = PBXFileReference; fileEncoding = 4; lastKnownFileType = sourcecode.c.h; path = PlatformConfigurator.h; sourceTree = "<group>"; };
		FA96571114BE32F50082CBB1 /* ClientTest.cpp */ = {isa = PBXFileReference; fileEncoding = 4; lastKnownFileType = sourcecode.cpp.cpp; path = ClientTest.cpp; sourceTree = "<group>"; };
		FA96571214BE32F50082CBB1 /* ClientTest.h */ = {isa = PBXFileReference; fileEncoding = 4; lastKnownFileType = sourcecode.c.h; path = ClientTest.h; sourceTree = "<group>"; };
		FA96571314BE32F50082CBB1 /* Demo_ObjLoading.cpp */ = {isa = PBXFileReference; fileEncoding = 4; lastKnownFileType = sourcecode.cpp.cpp; path = Demo_ObjLoading.cpp; sourceTree = "<group>"; };
		FA96571414BE32F50082CBB1 /* Demo_ObjLoading.h */ = {isa = PBXFileReference; fileEncoding = 4; lastKnownFileType = sourcecode.c.h; path = Demo_ObjLoading.h; sourceTree = "<group>"; };
		FA96571514BE32F50082CBB1 /* ExampleGame.cpp */ = {isa = PBXFileReference; fileEncoding = 4; lastKnownFileType = sourcecode.cpp.cpp; path = ExampleGame.cpp; sourceTree = "<group>"; };
		FA96571614BE32F50082CBB1 /* ExampleGame.h */ = {isa = PBXFileReference; fileEncoding = 4; lastKnownFileType = sourcecode.c.h; path = ExampleGame.h; sourceTree = "<group>"; };
		FA96571714BE32F50082CBB1 /* ServerTest.cpp */ = {isa = PBXFileReference; fileEncoding = 4; lastKnownFileType = sourcecode.cpp.cpp; path = ServerTest.cpp; sourceTree = "<group>"; };
		FA96571814BE32F50082CBB1 /* ServerTest.h */ = {isa = PBXFileReference; fileEncoding = 4; lastKnownFileType = sourcecode.c.h; path = ServerTest.h; sourceTree = "<group>"; };
		FA96571914BE32F50082CBB1 /* SimpleTest.cpp */ = {isa = PBXFileReference; fileEncoding = 4; lastKnownFileType = sourcecode.cpp.cpp; path = SimpleTest.cpp; sourceTree = "<group>"; };
		FA96571A14BE32F50082CBB1 /* SimpleTest.h */ = {isa = PBXFileReference; fileEncoding = 4; lastKnownFileType = sourcecode.c.h; path = SimpleTest.h; sourceTree = "<group>"; };
		FA96572014BE32FC0082CBB1 /* Starter.cpp */ = {isa = PBXFileReference; fileEncoding = 4; lastKnownFileType = sourcecode.cpp.cpp; path = Starter.cpp; sourceTree = "<group>"; };
		FAF37C2F14C1FED300931646 /* sfml-graphics.framework */ = {isa = PBXFileReference; lastKnownFileType = wrapper.framework; name = "sfml-graphics.framework"; path = "Aurora/libs/sfml/mac/sfml-graphics.framework"; sourceTree = "<group>"; };
/* End PBXFileReference section */

/* Begin PBXFrameworksBuildPhase section */
		FA833BB31480D83C00491033 /* Frameworks */ = {
			isa = PBXFrameworksBuildPhase;
			buildActionMask = 2147483647;
			files = (
				FA0704E314D2163B00BF365D /* OpenAL.framework in Frameworks */,
				FA0704DE14D2160000BF365D /* libcAudio.a in Frameworks */,
				FA0704DF14D2160000BF365D /* libOgg.a in Frameworks */,
				FA0704E014D2160000BF365D /* libVorbis.a in Frameworks */,
				FAF37C3014C1FED300931646 /* sfml-graphics.framework in Frameworks */,
				FA854274148445B60086FCCE /* OpenGL.framework in Frameworks */,
				FA854271148445960086FCCE /* sfml-system.framework in Frameworks */,
				FA854272148445960086FCCE /* sfml-window.framework in Frameworks */,
			);
			runOnlyForDeploymentPostprocessing = 0;
		};
/* End PBXFrameworksBuildPhase section */

/* Begin PBXGroup section */
		FA0704A714D2121300BF365D /* Audio */ = {
			isa = PBXGroup;
			children = (
				FA0704AA14D2121300BF365D /* caudio */,
				FA0704A814D2121300BF365D /* AudioManager.cpp */,
				FA0704A914D2121300BF365D /* AudioManager.h */,
				FA0704B714D2121300BF365D /* Sound.h */,
			);
			path = Audio;
			sourceTree = "<group>";
		};
		FA0704AA14D2121300BF365D /* caudio */ = {
			isa = PBXGroup;
			children = (
				FA0704AB14D2121300BF365D /* cAudioManager.cpp */,
				FA0704AC14D2121300BF365D /* cAudioManager.h */,
				FA0704AD14D2121300BF365D /* Sound.cpp */,
			);
			path = caudio;
			sourceTree = "<group>";
		};
		FA833BAB1480D83C00491033 = {
			isa = PBXGroup;
			children = (
				FA803F061486CD060068EF79 /* Assets */,
				FA833BC01480D83C00491033 /* Aurora */,
				FA833BB91480D83C00491033 /* Frameworks */,
				FA833BB71480D83C00491033 /* Products */,
			);
			sourceTree = "<group>";
		};
		FA833BB71480D83C00491033 /* Products */ = {
			isa = PBXGroup;
			children = (
				FA833BB61480D83C00491033 /* Aurora.app */,
			);
			name = Products;
			sourceTree = "<group>";
		};
		FA833BB91480D83C00491033 /* Frameworks */ = {
			isa = PBXGroup;
			children = (
				FA0704E214D2163B00BF365D /* OpenAL.framework */,
				FA0704DB14D2160000BF365D /* libcAudio.a */,
				FA0704DC14D2160000BF365D /* libOgg.a */,
				FA0704DD14D2160000BF365D /* libVorbis.a */,
				FAF37C2F14C1FED300931646 /* sfml-graphics.framework */,
				FA854273148445B60086FCCE /* OpenGL.framework */,
				FA85426E148445960086FCCE /* sfml-system.framework */,
				FA85426F148445960086FCCE /* sfml-window.framework */,
			);
			name = Frameworks;
			sourceTree = "<group>";
		};
		FA833BC01480D83C00491033 /* Aurora */ = {
			isa = PBXGroup;
			children = (
				FA96572014BE32FC0082CBB1 /* Starter.cpp */,
				FA96571014BE32F50082CBB1 /* Tests */,
				FA96566E14BE32E70082CBB1 /* Aurora */,
				FA833BC11480D83D00491033 /* Supporting Files */,
			);
			path = Aurora;
			sourceTree = "<group>";
		};
		FA833BC11480D83D00491033 /* Supporting Files */ = {
			isa = PBXGroup;
			children = (
				FA833BC21480D83D00491033 /* Aurora-Info.plist */,
				FA833BC31480D83D00491033 /* InfoPlist.strings */,
				FA833BC81480D83D00491033 /* Aurora-Prefix.pch */,
				FA833BC91480D83D00491033 /* Credits.rtf */,
			);
			name = "Supporting Files";
			sourceTree = "<group>";
		};
		FA96566E14BE32E70082CBB1 /* Aurora */ = {
			isa = PBXGroup;
			children = (
				FA0704A714D2121300BF365D /* Audio */,
				FA96566F14BE32E70082CBB1 /* Graphics */,
				FA96568D14BE32E70082CBB1 /* Math */,
				FA9656A814BE32E70082CBB1 /* Network */,
				FA9656C614BE32E70082CBB1 /* System */,
				FA9656D214BE32E70082CBB1 /* Utils */,
			);
			path = Aurora;
			sourceTree = "<group>";
		};
		FA96566F14BE32E70082CBB1 /* Graphics */ = {
			isa = PBXGroup;
			children = (
				FA96567614BE32E70082CBB1 /* pc */,
				FA96567014BE32E70082CBB1 /* Camera.cpp */,
				FA96567114BE32E70082CBB1 /* Camera.h */,
				FA96567214BE32E70082CBB1 /* Image.cpp */,
				FA96567314BE32E70082CBB1 /* Image.h */,
				FA96567414BE32E70082CBB1 /* ModelObj.cpp */,
				FA96567514BE32E70082CBB1 /* ModelObj.h */,
				FA96567E14BE32E70082CBB1 /* RenderManager.cpp */,
				FA96567F14BE32E70082CBB1 /* RenderManager.h */,
				FA96568014BE32E70082CBB1 /* SplashScreen.cpp */,
				FA96568114BE32E70082CBB1 /* SplashScreen.h */,
				FA96568214BE32E70082CBB1 /* Sprite.cpp */,
				FA96568314BE32E70082CBB1 /* Sprite.h */,
				FA96568414BE32E70082CBB1 /* Sprite3D.cpp */,
				FA96568514BE32E70082CBB1 /* Sprite3D.h */,
				FA96568614BE32E70082CBB1 /* stb_image.h */,
				FA96568714BE32E70082CBB1 /* stb_truetype.h */,
				FA96568814BE32E70082CBB1 /* TextureManager.cpp */,
				FA96568914BE32E70082CBB1 /* TextureManager.h */,
				FA96568A14BE32E70082CBB1 /* TrueTypeFont.cpp */,
				FA96568B14BE32E70082CBB1 /* TrueTypeFont.h */,
				FA96568C14BE32E70082CBB1 /* Vertex.h */,
			);
			path = Graphics;
			sourceTree = "<group>";
		};
		FA96567614BE32E70082CBB1 /* pc */ = {
			isa = PBXGroup;
			children = (
				FA96567714BE32E70082CBB1 /* OpengGLRenderManager.cpp */,
				FA96567814BE32E70082CBB1 /* OpenGLRenderManager.h */,
			);
			path = pc;
			sourceTree = "<group>";
		};
		FA96568D14BE32E70082CBB1 /* Math */ = {
			isa = PBXGroup;
			children = (
				FA96568E14BE32E70082CBB1 /* BoundingBox.cpp */,
				FA96568F14BE32E70082CBB1 /* BoundingBox.h */,
				FA96569014BE32E70082CBB1 /* BoundingSphere.cpp */,
				FA96569114BE32E70082CBB1 /* BoundingSphere.h */,
				FA96569214BE32E70082CBB1 /* Frustum.cpp */,
				FA96569314BE32E70082CBB1 /* Frustum.h */,
				FA96569414BE32E70082CBB1 /* MathLib.cpp */,
				FA96569514BE32E70082CBB1 /* MathLib.h */,
				FA96569614BE32E70082CBB1 /* Matrix3.cpp */,
				FA96569714BE32E70082CBB1 /* Matrix3.h */,
				FA96569814BE32E70082CBB1 /* Matrix4.cpp */,
				FA96569914BE32E70082CBB1 /* Matrix4.h */,
				FA96569A14BE32E70082CBB1 /* Plane.cpp */,
				FA96569B14BE32E70082CBB1 /* Plane.h */,
				FA96569C14BE32E70082CBB1 /* Polygon.cpp */,
				FA96569D14BE32E70082CBB1 /* Polygon.h */,
				FA96569E14BE32E70082CBB1 /* Quaternion.cpp */,
				FA96569F14BE32E70082CBB1 /* Quaternion.h */,
				FA9656A014BE32E70082CBB1 /* Ray.cpp */,
				FA9656A114BE32E70082CBB1 /* Ray.h */,
				FA9656A214BE32E70082CBB1 /* Vector2.cpp */,
				FA9656A314BE32E70082CBB1 /* Vector2.h */,
				FA9656A414BE32E70082CBB1 /* Vector3.cpp */,
				FA9656A514BE32E70082CBB1 /* Vector3.h */,
				FA9656A614BE32E70082CBB1 /* Vector4.cpp */,
				FA9656A714BE32E70082CBB1 /* Vector4.h */,
			);
			path = Math;
			sourceTree = "<group>";
		};
		FA9656A814BE32E70082CBB1 /* Network */ = {
			isa = PBXGroup;
			children = (
				FA9656B114BE32E70082CBB1 /* pc */,
				FA9656C014BE32E70082CBB1 /* Unix */,
				FA9656A914BE32E70082CBB1 /* Http.cpp */,
				FA9656AA14BE32E70082CBB1 /* Http.hpp */,
				FA9656AB14BE32E70082CBB1 /* IPAddress.cpp */,
				FA9656AC14BE32E70082CBB1 /* IPAddress.hpp */,
				FA9656AD14BE32E70082CBB1 /* NetworkManager.cpp */,
				FA9656AE14BE32E70082CBB1 /* NetworkManager.h */,
				FA9656AF14BE32E70082CBB1 /* Packet.cpp */,
				FA9656B014BE32E70082CBB1 /* Packet.hpp */,
				FA9656B714BE32E70082CBB1 /* Selector.hpp */,
				FA9656B814BE32E70082CBB1 /* Selector.inl */,
				FA9656B914BE32E70082CBB1 /* SelectorBase.cpp */,
				FA9656BA14BE32E70082CBB1 /* SelectorBase.hpp */,
				FA9656BB14BE32E70082CBB1 /* SocketHelper.hpp */,
				FA9656BC14BE32E70082CBB1 /* SocketTCP.cpp */,
				FA9656BD14BE32E70082CBB1 /* SocketTCP.hpp */,
				FA9656BE14BE32E70082CBB1 /* SocketUDP.cpp */,
				FA9656BF14BE32E70082CBB1 /* SocketUDP.hpp */,
			);
			path = Network;
			sourceTree = "<group>";
		};
		FA9656B114BE32E70082CBB1 /* pc */ = {
			isa = PBXGroup;
			children = (
				FA9656B214BE32E70082CBB1 /* PcNetworkManager.cpp */,
				FA9656B314BE32E70082CBB1 /* PcNetworkManager.h */,
			);
			path = pc;
			sourceTree = "<group>";
		};
		FA9656C014BE32E70082CBB1 /* Unix */ = {
			isa = PBXGroup;
			children = (
				FA9656C114BE32E70082CBB1 /* SocketHelper.cpp */,
				FA9656C214BE32E70082CBB1 /* SocketHelper.hpp */,
			);
			path = Unix;
			sourceTree = "<group>";
		};
		FA9656C614BE32E70082CBB1 /* System */ = {
			isa = PBXGroup;
			children = (
				FA9656C814BE32E70082CBB1 /* pc */,
				FA0704C014D2126C00BF365D /* VFSFile.cpp */,
				FA0704C114D2126C00BF365D /* VFSFile.h */,
				FA0704C214D2126C00BF365D /* VFSPack.cpp */,
				FA0704C314D2126C00BF365D /* VFSPack.h */,
				FA9656C714BE32E70082CBB1 /* Clock.h */,
				FA9656D014BE32E70082CBB1 /* SystemManager.cpp */,
				FA9656D114BE32E70082CBB1 /* SystemManager.h */,
			);
			path = System;
			sourceTree = "<group>";
		};
		FA9656C814BE32E70082CBB1 /* pc */ = {
			isa = PBXGroup;
			children = (
				FA9656C914BE32E70082CBB1 /* Clock.cpp */,
				FA9656CA14BE32E70082CBB1 /* PcSystemManager.cpp */,
				FA9656CB14BE32E70082CBB1 /* PcSystemManager.h */,
			);
			path = pc;
			sourceTree = "<group>";
		};
		FA9656D214BE32E70082CBB1 /* Utils */ = {
			isa = PBXGroup;
			children = (
				FA9656D814BE32E70082CBB1 /* pc */,
				FA0704CC14D212E100BF365D /* md5.c */,
				FA0704CD14D212E100BF365D /* md5.h */,
				FA0704C614D2128400BF365D /* AES.cpp */,
				FA0704C714D2128400BF365D /* AES.h */,
				FA0704C814D2128400BF365D /* Crypto.cpp */,
				FA0704C914D2128400BF365D /* Crypto.h */,
				FA9656D314BE32E70082CBB1 /* GameLoader.cpp */,
				FA9656D414BE32E70082CBB1 /* GameLoader.h */,
				FA9656D514BE32E70082CBB1 /* GameManager.cpp */,
				FA9656D614BE32E70082CBB1 /* GameManager.h */,
				FA9656D714BE32E70082CBB1 /* GameState.h */,
				FA9656DB14BE32E70082CBB1 /* PlatformConfigurator.h */,
			);
			path = Utils;
			sourceTree = "<group>";
		};
		FA9656D814BE32E70082CBB1 /* pc */ = {
			isa = PBXGroup;
			children = (
				FA9656D914BE32E70082CBB1 /* WinGameLoader.cpp */,
				FA9656DA14BE32E70082CBB1 /* WinGameLoader.h */,
			);
			path = pc;
			sourceTree = "<group>";
		};
		FA96571014BE32F50082CBB1 /* Tests */ = {
			isa = PBXGroup;
			children = (
				FA96571114BE32F50082CBB1 /* ClientTest.cpp */,
				FA96571214BE32F50082CBB1 /* ClientTest.h */,
				FA96571314BE32F50082CBB1 /* Demo_ObjLoading.cpp */,
				FA96571414BE32F50082CBB1 /* Demo_ObjLoading.h */,
				FA96571514BE32F50082CBB1 /* ExampleGame.cpp */,
				FA96571614BE32F50082CBB1 /* ExampleGame.h */,
				FA96571714BE32F50082CBB1 /* ServerTest.cpp */,
				FA96571814BE32F50082CBB1 /* ServerTest.h */,
				FA96571914BE32F50082CBB1 /* SimpleTest.cpp */,
				FA96571A14BE32F50082CBB1 /* SimpleTest.h */,
			);
			path = Tests;
			sourceTree = "<group>";
		};
/* End PBXGroup section */

/* Begin PBXNativeTarget section */
		FA833BB51480D83C00491033 /* Aurora */ = {
			isa = PBXNativeTarget;
			buildConfigurationList = FA833BD41480D83D00491033 /* Build configuration list for PBXNativeTarget "Aurora" */;
			buildPhases = (
				FA833BB21480D83C00491033 /* Sources */,
				FA833BB31480D83C00491033 /* Frameworks */,
				FA833BB41480D83C00491033 /* Resources */,
				FA85427D148447440086FCCE /* CopyFiles */,
			);
			buildRules = (
			);
			dependencies = (
			);
			name = Aurora;
			productName = Aurora;
			productReference = FA833BB61480D83C00491033 /* Aurora.app */;
			productType = "com.apple.product-type.application";
		};
/* End PBXNativeTarget section */

/* Begin PBXProject section */
		FA833BAD1480D83C00491033 /* Project object */ = {
			isa = PBXProject;
			attributes = {
				LastUpgradeCheck = 0420;
			};
			buildConfigurationList = FA833BB01480D83C00491033 /* Build configuration list for PBXProject "Aurora" */;
			compatibilityVersion = "Xcode 3.2";
			developmentRegion = English;
			hasScannedForEncodings = 0;
			knownRegions = (
				en,
			);
			mainGroup = FA833BAB1480D83C00491033;
			productRefGroup = FA833BB71480D83C00491033 /* Products */;
			projectDirPath = "";
			projectRoot = "";
			targets = (
				FA833BB51480D83C00491033 /* Aurora */,
			);
		};
/* End PBXProject section */

/* Begin PBXResourcesBuildPhase section */
		FA833BB41480D83C00491033 /* Resources */ = {
			isa = PBXResourcesBuildPhase;
			buildActionMask = 2147483647;
			files = (
				FA833BC51480D83D00491033 /* InfoPlist.strings in Resources */,
				FA833BCB1480D83D00491033 /* Credits.rtf in Resources */,
				FA803F071486CD060068EF79 /* Assets in Resources */,
			);
			runOnlyForDeploymentPostprocessing = 0;
		};
/* End PBXResourcesBuildPhase section */

/* Begin PBXSourcesBuildPhase section */
		FA833BB21480D83C00491033 /* Sources */ = {
			isa = PBXSourcesBuildPhase;
			buildActionMask = 2147483647;
			files = (
				FA9656E114BE32E70082CBB1 /* Camera.cpp in Sources */,
				FA9656E214BE32E70082CBB1 /* Image.cpp in Sources */,
				FA9656E314BE32E70082CBB1 /* ModelObj.cpp in Sources */,
				FA9656E414BE32E70082CBB1 /* OpengGLRenderManager.cpp in Sources */,
				FA9656E714BE32E70082CBB1 /* RenderManager.cpp in Sources */,
				FA9656E814BE32E70082CBB1 /* SplashScreen.cpp in Sources */,
				FA9656E914BE32E70082CBB1 /* Sprite.cpp in Sources */,
				FA9656EA14BE32E70082CBB1 /* Sprite3D.cpp in Sources */,
				FA9656EB14BE32E70082CBB1 /* TextureManager.cpp in Sources */,
				FA9656EC14BE32E70082CBB1 /* TrueTypeFont.cpp in Sources */,
				FA9656ED14BE32E70082CBB1 /* BoundingBox.cpp in Sources */,
				FA9656EE14BE32E70082CBB1 /* BoundingSphere.cpp in Sources */,
				FA9656EF14BE32E70082CBB1 /* Frustum.cpp in Sources */,
				FA9656F014BE32E70082CBB1 /* MathLib.cpp in Sources */,
				FA9656F114BE32E70082CBB1 /* Matrix3.cpp in Sources */,
				FA9656F214BE32E70082CBB1 /* Matrix4.cpp in Sources */,
				FA9656F314BE32E70082CBB1 /* Plane.cpp in Sources */,
				FA9656F414BE32E70082CBB1 /* Polygon.cpp in Sources */,
				FA9656F514BE32E70082CBB1 /* Quaternion.cpp in Sources */,
				FA9656F614BE32E70082CBB1 /* Ray.cpp in Sources */,
				FA9656F714BE32E70082CBB1 /* Vector2.cpp in Sources */,
				FA9656F814BE32E70082CBB1 /* Vector3.cpp in Sources */,
				FA9656F914BE32E70082CBB1 /* Vector4.cpp in Sources */,
				FA9656FA14BE32E70082CBB1 /* Http.cpp in Sources */,
				FA9656FB14BE32E70082CBB1 /* IPAddress.cpp in Sources */,
				FA9656FC14BE32E70082CBB1 /* NetworkManager.cpp in Sources */,
				FA9656FD14BE32E70082CBB1 /* Packet.cpp in Sources */,
				FA9656FE14BE32E70082CBB1 /* PcNetworkManager.cpp in Sources */,
				FA96570114BE32E70082CBB1 /* SelectorBase.cpp in Sources */,
				FA96570214BE32E70082CBB1 /* SocketTCP.cpp in Sources */,
				FA96570314BE32E70082CBB1 /* SocketUDP.cpp in Sources */,
				FA96570414BE32E70082CBB1 /* SocketHelper.cpp in Sources */,
				FA96570614BE32E70082CBB1 /* Clock.cpp in Sources */,
				FA96570714BE32E70082CBB1 /* PcSystemManager.cpp in Sources */,
				FA96570A14BE32E70082CBB1 /* SystemManager.cpp in Sources */,
				FA96570B14BE32E70082CBB1 /* GameLoader.cpp in Sources */,
				FA96570C14BE32E70082CBB1 /* GameManager.cpp in Sources */,
				FA96570D14BE32E70082CBB1 /* WinGameLoader.cpp in Sources */,
				FA96571B14BE32F50082CBB1 /* ClientTest.cpp in Sources */,
				FA96571C14BE32F50082CBB1 /* Demo_ObjLoading.cpp in Sources */,
				FA96571D14BE32F50082CBB1 /* ExampleGame.cpp in Sources */,
				FA96571E14BE32F50082CBB1 /* ServerTest.cpp in Sources */,
				FA96571F14BE32F50082CBB1 /* SimpleTest.cpp in Sources */,
				FA96572114BE32FC0082CBB1 /* Starter.cpp in Sources */,
				FA0704B814D2121300BF365D /* AudioManager.cpp in Sources */,
				FA0704B914D2121300BF365D /* cAudioManager.cpp in Sources */,
				FA0704BA14D2121300BF365D /* Sound.cpp in Sources */,
				FA0704C414D2126C00BF365D /* VFSFile.cpp in Sources */,
				FA0704C514D2126C00BF365D /* VFSPack.cpp in Sources */,
				FA0704CA14D2128400BF365D /* AES.cpp in Sources */,
				FA0704CB14D2128400BF365D /* Crypto.cpp in Sources */,
				FA0704CE14D212E100BF365D /* md5.c in Sources */,
			);
			runOnlyForDeploymentPostprocessing = 0;
		};
/* End PBXSourcesBuildPhase section */

/* Begin PBXVariantGroup section */
		FA833BC31480D83D00491033 /* InfoPlist.strings */ = {
			isa = PBXVariantGroup;
			children = (
				FA833BC41480D83D00491033 /* en */,
			);
			name = InfoPlist.strings;
			sourceTree = "<group>";
		};
		FA833BC91480D83D00491033 /* Credits.rtf */ = {
			isa = PBXVariantGroup;
			children = (
				FA833BCA1480D83D00491033 /* en */,
			);
			name = Credits.rtf;
			sourceTree = "<group>";
		};
/* End PBXVariantGroup section */

/* Begin XCBuildConfiguration section */
		FA833BD21480D83D00491033 /* Debug */ = {
			isa = XCBuildConfiguration;
			buildSettings = {
				ALWAYS_SEARCH_USER_PATHS = YES;
				ARCHS = "$(ARCHS_STANDARD_32_BIT)";
				COPY_PHASE_STRIP = NO;
				GCC_C_LANGUAGE_STANDARD = gnu99;
				GCC_DYNAMIC_NO_PIC = NO;
				GCC_ENABLE_OBJC_EXCEPTIONS = YES;
				GCC_OPTIMIZATION_LEVEL = 0;
				GCC_PREPROCESSOR_DEFINITIONS = (
					"DEBUG=1",
					"$(inherited)",
				);
				GCC_SYMBOLS_PRIVATE_EXTERN = NO;
				GCC_VERSION = com.apple.compilers.llvmgcc42;
				GCC_WARN_64_TO_32_BIT_CONVERSION = YES;
				GCC_WARN_ABOUT_MISSING_PROTOTYPES = YES;
				GCC_WARN_ABOUT_RETURN_TYPE = YES;
				GCC_WARN_UNUSED_VARIABLE = YES;
				MACOSX_DEPLOYMENT_TARGET = 10.6;
				ONLY_ACTIVE_ARCH = YES;
				SDKROOT = macosx;
				USER_HEADER_SEARCH_PATHS = ./Aurora/;
			};
			name = Debug;
		};
		FA833BD31480D83D00491033 /* Release */ = {
			isa = XCBuildConfiguration;
			buildSettings = {
				ALWAYS_SEARCH_USER_PATHS = YES;
				ARCHS = "$(ARCHS_STANDARD_32_BIT)";
				COPY_PHASE_STRIP = YES;
				DEBUG_INFORMATION_FORMAT = "dwarf-with-dsym";
				GCC_C_LANGUAGE_STANDARD = gnu99;
				GCC_ENABLE_OBJC_EXCEPTIONS = YES;
				GCC_VERSION = com.apple.compilers.llvmgcc42;
				GCC_WARN_64_TO_32_BIT_CONVERSION = YES;
				GCC_WARN_ABOUT_MISSING_PROTOTYPES = YES;
				GCC_WARN_ABOUT_RETURN_TYPE = YES;
				GCC_WARN_UNUSED_VARIABLE = YES;
				MACOSX_DEPLOYMENT_TARGET = 10.6;
				SDKROOT = macosx;
				USER_HEADER_SEARCH_PATHS = ./Aurora/;
			};
			name = Release;
		};
		FA833BD51480D83D00491033 /* Debug */ = {
			isa = XCBuildConfiguration;
			buildSettings = {
				ALWAYS_SEARCH_USER_PATHS = YES;
				CLANG_CXX_LANGUAGE_STANDARD = "compiler-default";
				CLANG_CXX_LIBRARY = "compiler-default";
				FRAMEWORK_SEARCH_PATHS = (
					"$(inherited)",
					"\"$(SRCROOT)/Aurora/libs/sfml/mac\"",
				);
				GCC_C_LANGUAGE_STANDARD = "compiler-default";
				GCC_INPUT_FILETYPE = automatic;
				GCC_PRECOMPILE_PREFIX_HEADER = YES;
				GCC_PREFIX_HEADER = "Aurora/Aurora-Prefix.pch";
				GCC_REUSE_STRINGS = NO;
				GCC_USE_STANDARD_INCLUDE_SEARCHING = YES;
				GCC_VERSION = com.apple.compilers.llvmgcc42;
				INFOPLIST_FILE = "Aurora/Aurora-Info.plist";
				LIBRARY_SEARCH_PATHS = (
					"$(inherited)",
					"\"$(SRCROOT)/Aurora/libs/cAudio/lib/mac\"",
				);
				PRODUCT_NAME = "$(TARGET_NAME)";
				USER_HEADER_SEARCH_PATHS = "./Aurora/**";
				WRAPPER_EXTENSION = app;
			};
			name = Debug;
		};
		FA833BD61480D83D00491033 /* Release */ = {
			isa = XCBuildConfiguration;
			buildSettings = {
				ALWAYS_SEARCH_USER_PATHS = YES;
				CLANG_CXX_LANGUAGE_STANDARD = "compiler-default";
				CLANG_CXX_LIBRARY = "compiler-default";
				FRAMEWORK_SEARCH_PATHS = (
					"$(inherited)",
					"\"$(SRCROOT)/Aurora/libs/sfml/mac\"",
				);
				GCC_C_LANGUAGE_STANDARD = "compiler-default";
				GCC_INPUT_FILETYPE = automatic;
				GCC_PRECOMPILE_PREFIX_HEADER = YES;
				GCC_PREFIX_HEADER = "Aurora/Aurora-Prefix.pch";
				GCC_REUSE_STRINGS = NO;
				GCC_USE_STANDARD_INCLUDE_SEARCHING = YES;
				GCC_VERSION = com.apple.compilers.llvmgcc42;
				INFOPLIST_FILE = "Aurora/Aurora-Info.plist";
				LIBRARY_SEARCH_PATHS = (
					"$(inherited)",
					"\"$(SRCROOT)/Aurora/libs/cAudio/lib/mac\"",
				);
				PRODUCT_NAME = "$(TARGET_NAME)";
				USER_HEADER_SEARCH_PATHS = "./Aurora/**";
				WRAPPER_EXTENSION = app;
			};
			name = Release;
		};
/* End XCBuildConfiguration section */

/* Begin XCConfigurationList section */
		FA833BB01480D83C00491033 /* Build configuration list for PBXProject "Aurora" */ = {
			isa = XCConfigurationList;
			buildConfigurations = (
				FA833BD21480D83D00491033 /* Debug */,
				FA833BD31480D83D00491033 /* Release */,
			);
			defaultConfigurationIsVisible = 0;
			defaultConfigurationName = Release;
		};
		FA833BD41480D83D00491033 /* Build configuration list for PBXNativeTarget "Aurora" */ = {
			isa = XCConfigurationList;
			buildConfigurations = (
				FA833BD51480D83D00491033 /* Debug */,
				FA833BD61480D83D00491033 /* Release */,
			);
			defaultConfigurationIsVisible = 0;
			defaultConfigurationName = Release;
		};
/* End XCConfigurationList section */
	};
	rootObject = FA833BAD1480D83C00491033 /* Project object */;
}
