// !$*UTF8*$!
{
	archiveVersion = 1;
	classes = {
	};
	objectVersion = 46;
	objects = {

/* Begin PBXBuildFile section */
		FA8375AC14C3F55A001DA3A2 /* ClientTest.cpp in Sources */ = {isa = PBXBuildFile; fileRef = FA8375A814C3F55A001DA3A2 /* ClientTest.cpp */; };
		FA8375AD14C3F55A001DA3A2 /* ServerTest.cpp in Sources */ = {isa = PBXBuildFile; fileRef = FA8375AA14C3F55A001DA3A2 /* ServerTest.cpp */; };
		FA8375B214C3F703001DA3A2 /* IOSNetworkManager.cpp in Sources */ = {isa = PBXBuildFile; fileRef = FA8375B014C3F703001DA3A2 /* IOSNetworkManager.cpp */; };
		FA8375B514C3F712001DA3A2 /* NetworkManager.cpp in Sources */ = {isa = PBXBuildFile; fileRef = FA8375B314C3F712001DA3A2 /* NetworkManager.cpp */; };
		FA8581A114C3920A00D987B7 /* Http.cpp in Sources */ = {isa = PBXBuildFile; fileRef = FA85818414C3920A00D987B7 /* Http.cpp */; };
		FA8581A214C3920A00D987B7 /* IPAddress.cpp in Sources */ = {isa = PBXBuildFile; fileRef = FA85818614C3920A00D987B7 /* IPAddress.cpp */; };
		FA8581A414C3920A00D987B7 /* Packet.cpp in Sources */ = {isa = PBXBuildFile; fileRef = FA85818A14C3920A00D987B7 /* Packet.cpp */; };
		FA8581A714C3920A00D987B7 /* Selector.inl in Resources */ = {isa = PBXBuildFile; fileRef = FA85819314C3920A00D987B7 /* Selector.inl */; };
		FA8581A814C3920A00D987B7 /* SelectorBase.cpp in Sources */ = {isa = PBXBuildFile; fileRef = FA85819414C3920A00D987B7 /* SelectorBase.cpp */; };
		FA8581A914C3920A00D987B7 /* SocketTCP.cpp in Sources */ = {isa = PBXBuildFile; fileRef = FA85819714C3920A00D987B7 /* SocketTCP.cpp */; };
		FA8581AA14C3920A00D987B7 /* SocketUDP.cpp in Sources */ = {isa = PBXBuildFile; fileRef = FA85819914C3920A00D987B7 /* SocketUDP.cpp */; };
		FA8581AB14C3920A00D987B7 /* SocketHelper.cpp in Sources */ = {isa = PBXBuildFile; fileRef = FA85819C14C3920A00D987B7 /* SocketHelper.cpp */; };
		FAB35A1D14C1EB3C00AD6619 /* GameManager.cpp in Sources */ = {isa = PBXBuildFile; fileRef = FAB35A1A14C1EB3C00AD6619 /* GameManager.cpp */; };
		FAB35A2114C1EC6900AD6619 /* GameLoader.cpp in Sources */ = {isa = PBXBuildFile; fileRef = FAB35A1F14C1EC6900AD6619 /* GameLoader.cpp */; };
		FAB35A2514C1EC7200AD6619 /* IOSGameLoader.cpp in Sources */ = {isa = PBXBuildFile; fileRef = FAB35A2314C1EC7200AD6619 /* IOSGameLoader.cpp */; };
		FAB35A3614C1EE5800AD6619 /* SystemManager.cpp in Sources */ = {isa = PBXBuildFile; fileRef = FAB35A3014C1EE5800AD6619 /* SystemManager.cpp */; };
		FAB35A3B14C1EEA600AD6619 /* Clock.cpp in Sources */ = {isa = PBXBuildFile; fileRef = FAB35A3814C1EEA600AD6619 /* Clock.cpp */; };
		FAB35A3C14C1EEA600AD6619 /* IOSSystemManager.cpp in Sources */ = {isa = PBXBuildFile; fileRef = FAB35A3914C1EEA600AD6619 /* IOSSystemManager.cpp */; };
		FABE24F314C0FD10005D99E8 /* UIKit.framework in Frameworks */ = {isa = PBXBuildFile; fileRef = FABE24F214C0FD10005D99E8 /* UIKit.framework */; };
		FABE24F514C0FD10005D99E8 /* Foundation.framework in Frameworks */ = {isa = PBXBuildFile; fileRef = FABE24F414C0FD10005D99E8 /* Foundation.framework */; };
		FABE24F714C0FD10005D99E8 /* CoreGraphics.framework in Frameworks */ = {isa = PBXBuildFile; fileRef = FABE24F614C0FD10005D99E8 /* CoreGraphics.framework */; };
		FABE24FD14C0FD10005D99E8 /* InfoPlist.strings in Resources */ = {isa = PBXBuildFile; fileRef = FABE24FB14C0FD10005D99E8 /* InfoPlist.strings */; };
		FABE24FF14C0FD10005D99E8 /* main.m in Sources */ = {isa = PBXBuildFile; fileRef = FABE24FE14C0FD10005D99E8 /* main.m */; };
		FABE250314C0FD10005D99E8 /* AppDelegate.m in Sources */ = {isa = PBXBuildFile; fileRef = FABE250214C0FD10005D99E8 /* AppDelegate.m */; };
		FABE262F14C0FE0A005D99E8 /* BoundingBox.cpp in Sources */ = {isa = PBXBuildFile; fileRef = FABE25D014C0FE0A005D99E8 /* BoundingBox.cpp */; };
		FABE263014C0FE0A005D99E8 /* BoundingSphere.cpp in Sources */ = {isa = PBXBuildFile; fileRef = FABE25D214C0FE0A005D99E8 /* BoundingSphere.cpp */; };
		FABE263114C0FE0A005D99E8 /* Frustum.cpp in Sources */ = {isa = PBXBuildFile; fileRef = FABE25D414C0FE0A005D99E8 /* Frustum.cpp */; };
		FABE263214C0FE0A005D99E8 /* MathLib.cpp in Sources */ = {isa = PBXBuildFile; fileRef = FABE25D614C0FE0A005D99E8 /* MathLib.cpp */; };
		FABE263314C0FE0A005D99E8 /* Matrix3.cpp in Sources */ = {isa = PBXBuildFile; fileRef = FABE25D814C0FE0A005D99E8 /* Matrix3.cpp */; };
		FABE263414C0FE0A005D99E8 /* Matrix4.cpp in Sources */ = {isa = PBXBuildFile; fileRef = FABE25DA14C0FE0A005D99E8 /* Matrix4.cpp */; };
		FABE263514C0FE0A005D99E8 /* Plane.cpp in Sources */ = {isa = PBXBuildFile; fileRef = FABE25DC14C0FE0A005D99E8 /* Plane.cpp */; };
		FABE263614C0FE0A005D99E8 /* Polygon.cpp in Sources */ = {isa = PBXBuildFile; fileRef = FABE25DE14C0FE0A005D99E8 /* Polygon.cpp */; };
		FABE263714C0FE0A005D99E8 /* Quaternion.cpp in Sources */ = {isa = PBXBuildFile; fileRef = FABE25E014C0FE0A005D99E8 /* Quaternion.cpp */; };
		FABE263914C0FE0A005D99E8 /* Vector2.cpp in Sources */ = {isa = PBXBuildFile; fileRef = FABE25E414C0FE0A005D99E8 /* Vector2.cpp */; };
		FABE263A14C0FE0A005D99E8 /* Vector3.cpp in Sources */ = {isa = PBXBuildFile; fileRef = FABE25E614C0FE0A005D99E8 /* Vector3.cpp */; };
		FABE263B14C0FE0A005D99E8 /* Vector4.cpp in Sources */ = {isa = PBXBuildFile; fileRef = FABE25E814C0FE0A005D99E8 /* Vector4.cpp */; };
		FABE265414C0FE5A005D99E8 /* GLView.mm in Sources */ = {isa = PBXBuildFile; fileRef = FABE265314C0FE5A005D99E8 /* GLView.mm */; };
		FABE265814C0FF1B005D99E8 /* OpenGLES.framework in Frameworks */ = {isa = PBXBuildFile; fileRef = FABE265714C0FF1B005D99E8 /* OpenGLES.framework */; };
		FABE265E14C0FF68005D99E8 /* QuartzCore.framework in Frameworks */ = {isa = PBXBuildFile; fileRef = FABE265D14C0FF68005D99E8 /* QuartzCore.framework */; };
		FABE268414C10113005D99E8 /* Camera.cpp in Sources */ = {isa = PBXBuildFile; fileRef = FABE266414C10113005D99E8 /* Camera.cpp */; };
		FABE268514C10113005D99E8 /* Image.cpp in Sources */ = {isa = PBXBuildFile; fileRef = FABE266614C10113005D99E8 /* Image.cpp */; };
		FABE268614C10113005D99E8 /* OpenGLES1RenderManager.cpp in Sources */ = {isa = PBXBuildFile; fileRef = FABE266914C10113005D99E8 /* OpenGLES1RenderManager.cpp */; };
		FABE268714C10113005D99E8 /* ModelObj.cpp in Sources */ = {isa = PBXBuildFile; fileRef = FABE266B14C10113005D99E8 /* ModelObj.cpp */; };
		FABE268B14C10113005D99E8 /* RenderManager.cpp in Sources */ = {isa = PBXBuildFile; fileRef = FABE267514C10113005D99E8 /* RenderManager.cpp */; };
		FABE268C14C10113005D99E8 /* SplashScreen.cpp in Sources */ = {isa = PBXBuildFile; fileRef = FABE267714C10113005D99E8 /* SplashScreen.cpp */; };
		FABE268D14C10113005D99E8 /* Sprite.cpp in Sources */ = {isa = PBXBuildFile; fileRef = FABE267914C10113005D99E8 /* Sprite.cpp */; };
		FABE268E14C10113005D99E8 /* Sprite3D.cpp in Sources */ = {isa = PBXBuildFile; fileRef = FABE267B14C10113005D99E8 /* Sprite3D.cpp */; };
		FABE268F14C10113005D99E8 /* TextureManager.cpp in Sources */ = {isa = PBXBuildFile; fileRef = FABE267F14C10113005D99E8 /* TextureManager.cpp */; };
		FABE269014C10113005D99E8 /* TrueTypeFont.cpp in Sources */ = {isa = PBXBuildFile; fileRef = FABE268114C10113005D99E8 /* TrueTypeFont.cpp */; };
		FAF37C4814C2011200931646 /* Demo_ObjLoading.cpp in Sources */ = {isa = PBXBuildFile; fileRef = FAF37C3B14C2011200931646 /* Demo_ObjLoading.cpp */; };
		FAF37C4B14C2011200931646 /* ExampleGame.cpp in Sources */ = {isa = PBXBuildFile; fileRef = FAF37C4114C2011200931646 /* ExampleGame.cpp */; };
		FAF37C4D14C2011200931646 /* SimpleTest.cpp in Sources */ = {isa = PBXBuildFile; fileRef = FAF37C4514C2011200931646 /* SimpleTest.cpp */; };
		FAF37C4F14C2042000931646 /* Assets in Resources */ = {isa = PBXBuildFile; fileRef = FAF37C4E14C2042000931646 /* Assets */; };
/* End PBXBuildFile section */

/* Begin PBXFileReference section */
		FA8375A814C3F55A001DA3A2 /* ClientTest.cpp */ = {isa = PBXFileReference; fileEncoding = 4; lastKnownFileType = sourcecode.cpp.cpp; path = ClientTest.cpp; sourceTree = "<group>"; };
		FA8375A914C3F55A001DA3A2 /* ClientTest.h */ = {isa = PBXFileReference; fileEncoding = 4; lastKnownFileType = sourcecode.c.h; path = ClientTest.h; sourceTree = "<group>"; };
		FA8375AA14C3F55A001DA3A2 /* ServerTest.cpp */ = {isa = PBXFileReference; fileEncoding = 4; lastKnownFileType = sourcecode.cpp.cpp; path = ServerTest.cpp; sourceTree = "<group>"; };
		FA8375AB14C3F55A001DA3A2 /* ServerTest.h */ = {isa = PBXFileReference; fileEncoding = 4; lastKnownFileType = sourcecode.c.h; path = ServerTest.h; sourceTree = "<group>"; };
		FA8375B014C3F703001DA3A2 /* IOSNetworkManager.cpp */ = {isa = PBXFileReference; fileEncoding = 4; lastKnownFileType = sourcecode.cpp.cpp; path = IOSNetworkManager.cpp; sourceTree = "<group>"; };
		FA8375B114C3F703001DA3A2 /* IOSNetworkManager.h */ = {isa = PBXFileReference; fileEncoding = 4; lastKnownFileType = sourcecode.c.h; path = IOSNetworkManager.h; sourceTree = "<group>"; };
		FA8375B314C3F712001DA3A2 /* NetworkManager.cpp */ = {isa = PBXFileReference; fileEncoding = 4; lastKnownFileType = sourcecode.cpp.cpp; path = NetworkManager.cpp; sourceTree = "<group>"; };
		FA8375B414C3F712001DA3A2 /* NetworkManager.h */ = {isa = PBXFileReference; fileEncoding = 4; lastKnownFileType = sourcecode.c.h; path = NetworkManager.h; sourceTree = "<group>"; };
		FA85818414C3920A00D987B7 /* Http.cpp */ = {isa = PBXFileReference; fileEncoding = 4; lastKnownFileType = sourcecode.cpp.cpp; path = Http.cpp; sourceTree = "<group>"; };
		FA85818514C3920A00D987B7 /* Http.hpp */ = {isa = PBXFileReference; fileEncoding = 4; lastKnownFileType = sourcecode.cpp.h; path = Http.hpp; sourceTree = "<group>"; };
		FA85818614C3920A00D987B7 /* IPAddress.cpp */ = {isa = PBXFileReference; fileEncoding = 4; lastKnownFileType = sourcecode.cpp.cpp; path = IPAddress.cpp; sourceTree = "<group>"; };
		FA85818714C3920A00D987B7 /* IPAddress.hpp */ = {isa = PBXFileReference; fileEncoding = 4; lastKnownFileType = sourcecode.cpp.h; path = IPAddress.hpp; sourceTree = "<group>"; };
		FA85818A14C3920A00D987B7 /* Packet.cpp */ = {isa = PBXFileReference; fileEncoding = 4; lastKnownFileType = sourcecode.cpp.cpp; path = Packet.cpp; sourceTree = "<group>"; };
		FA85818B14C3920A00D987B7 /* Packet.hpp */ = {isa = PBXFileReference; fileEncoding = 4; lastKnownFileType = sourcecode.cpp.h; path = Packet.hpp; sourceTree = "<group>"; };
		FA85819214C3920A00D987B7 /* Selector.hpp */ = {isa = PBXFileReference; fileEncoding = 4; lastKnownFileType = sourcecode.cpp.h; path = Selector.hpp; sourceTree = "<group>"; };
		FA85819314C3920A00D987B7 /* Selector.inl */ = {isa = PBXFileReference; fileEncoding = 4; lastKnownFileType = text; path = Selector.inl; sourceTree = "<group>"; };
		FA85819414C3920A00D987B7 /* SelectorBase.cpp */ = {isa = PBXFileReference; fileEncoding = 4; lastKnownFileType = sourcecode.cpp.cpp; path = SelectorBase.cpp; sourceTree = "<group>"; };
		FA85819514C3920A00D987B7 /* SelectorBase.hpp */ = {isa = PBXFileReference; fileEncoding = 4; lastKnownFileType = sourcecode.cpp.h; path = SelectorBase.hpp; sourceTree = "<group>"; };
		FA85819614C3920A00D987B7 /* SocketHelper.hpp */ = {isa = PBXFileReference; fileEncoding = 4; lastKnownFileType = sourcecode.cpp.h; path = SocketHelper.hpp; sourceTree = "<group>"; };
		FA85819714C3920A00D987B7 /* SocketTCP.cpp */ = {isa = PBXFileReference; fileEncoding = 4; lastKnownFileType = sourcecode.cpp.cpp; path = SocketTCP.cpp; sourceTree = "<group>"; };
		FA85819814C3920A00D987B7 /* SocketTCP.hpp */ = {isa = PBXFileReference; fileEncoding = 4; lastKnownFileType = sourcecode.cpp.h; path = SocketTCP.hpp; sourceTree = "<group>"; };
		FA85819914C3920A00D987B7 /* SocketUDP.cpp */ = {isa = PBXFileReference; fileEncoding = 4; lastKnownFileType = sourcecode.cpp.cpp; path = SocketUDP.cpp; sourceTree = "<group>"; };
		FA85819A14C3920A00D987B7 /* SocketUDP.hpp */ = {isa = PBXFileReference; fileEncoding = 4; lastKnownFileType = sourcecode.cpp.h; path = SocketUDP.hpp; sourceTree = "<group>"; };
		FA85819C14C3920A00D987B7 /* SocketHelper.cpp */ = {isa = PBXFileReference; fileEncoding = 4; lastKnownFileType = sourcecode.cpp.cpp; path = SocketHelper.cpp; sourceTree = "<group>"; };
		FA85819D14C3920A00D987B7 /* SocketHelper.hpp */ = {isa = PBXFileReference; fileEncoding = 4; lastKnownFileType = sourcecode.cpp.h; path = SocketHelper.hpp; sourceTree = "<group>"; };
		FAB35A1A14C1EB3C00AD6619 /* GameManager.cpp */ = {isa = PBXFileReference; fileEncoding = 4; lastKnownFileType = sourcecode.cpp.cpp; path = GameManager.cpp; sourceTree = "<group>"; };
		FAB35A1B14C1EB3C00AD6619 /* GameManager.h */ = {isa = PBXFileReference; fileEncoding = 4; lastKnownFileType = sourcecode.c.h; path = GameManager.h; sourceTree = "<group>"; };
		FAB35A1C14C1EB3C00AD6619 /* GameState.h */ = {isa = PBXFileReference; fileEncoding = 4; lastKnownFileType = sourcecode.c.h; path = GameState.h; sourceTree = "<group>"; };
		FAB35A1F14C1EC6900AD6619 /* GameLoader.cpp */ = {isa = PBXFileReference; fileEncoding = 4; lastKnownFileType = sourcecode.cpp.cpp; path = GameLoader.cpp; sourceTree = "<group>"; };
		FAB35A2014C1EC6900AD6619 /* GameLoader.h */ = {isa = PBXFileReference; fileEncoding = 4; lastKnownFileType = sourcecode.c.h; path = GameLoader.h; sourceTree = "<group>"; };
		FAB35A2314C1EC7200AD6619 /* IOSGameLoader.cpp */ = {isa = PBXFileReference; fileEncoding = 4; lastKnownFileType = sourcecode.cpp.cpp; path = IOSGameLoader.cpp; sourceTree = "<group>"; };
		FAB35A2414C1EC7200AD6619 /* IOSGameLoader.h */ = {isa = PBXFileReference; fileEncoding = 4; lastKnownFileType = sourcecode.c.h; path = IOSGameLoader.h; sourceTree = "<group>"; };
		FAB35A2714C1EE5800AD6619 /* Clock.h */ = {isa = PBXFileReference; fileEncoding = 4; lastKnownFileType = sourcecode.c.h; path = Clock.h; sourceTree = "<group>"; };
		FAB35A3014C1EE5800AD6619 /* SystemManager.cpp */ = {isa = PBXFileReference; fileEncoding = 4; lastKnownFileType = sourcecode.cpp.cpp; path = SystemManager.cpp; sourceTree = "<group>"; };
		FAB35A3114C1EE5800AD6619 /* SystemManager.h */ = {isa = PBXFileReference; fileEncoding = 4; lastKnownFileType = sourcecode.c.h; path = SystemManager.h; sourceTree = "<group>"; };
		FAB35A3814C1EEA600AD6619 /* Clock.cpp */ = {isa = PBXFileReference; fileEncoding = 4; lastKnownFileType = sourcecode.cpp.cpp; path = Clock.cpp; sourceTree = "<group>"; };
		FAB35A3914C1EEA600AD6619 /* IOSSystemManager.cpp */ = {isa = PBXFileReference; fileEncoding = 4; lastKnownFileType = sourcecode.cpp.cpp; path = IOSSystemManager.cpp; sourceTree = "<group>"; };
		FAB35A3A14C1EEA600AD6619 /* IOSSystemManager.h */ = {isa = PBXFileReference; fileEncoding = 4; lastKnownFileType = sourcecode.c.h; path = IOSSystemManager.h; sourceTree = "<group>"; };
		FABE24EE14C0FD10005D99E8 /* IOS.app */ = {isa = PBXFileReference; explicitFileType = wrapper.application; includeInIndex = 0; path = IOS.app; sourceTree = BUILT_PRODUCTS_DIR; };
		FABE24F214C0FD10005D99E8 /* UIKit.framework */ = {isa = PBXFileReference; lastKnownFileType = wrapper.framework; name = UIKit.framework; path = System/Library/Frameworks/UIKit.framework; sourceTree = SDKROOT; };
		FABE24F414C0FD10005D99E8 /* Foundation.framework */ = {isa = PBXFileReference; lastKnownFileType = wrapper.framework; name = Foundation.framework; path = System/Library/Frameworks/Foundation.framework; sourceTree = SDKROOT; };
		FABE24F614C0FD10005D99E8 /* CoreGraphics.framework */ = {isa = PBXFileReference; lastKnownFileType = wrapper.framework; name = CoreGraphics.framework; path = System/Library/Frameworks/CoreGraphics.framework; sourceTree = SDKROOT; };
		FABE24FA14C0FD10005D99E8 /* IOS-Info.plist */ = {isa = PBXFileReference; lastKnownFileType = text.plist.xml; path = "IOS-Info.plist"; sourceTree = "<group>"; };
		FABE24FC14C0FD10005D99E8 /* en */ = {isa = PBXFileReference; lastKnownFileType = text.plist.strings; name = en; path = en.lproj/InfoPlist.strings; sourceTree = "<group>"; };
		FABE24FE14C0FD10005D99E8 /* main.m */ = {isa = PBXFileReference; lastKnownFileType = sourcecode.c.objc; path = main.m; sourceTree = "<group>"; };
		FABE250014C0FD10005D99E8 /* IOS-Prefix.pch */ = {isa = PBXFileReference; lastKnownFileType = sourcecode.c.h; path = "IOS-Prefix.pch"; sourceTree = "<group>"; };
		FABE250114C0FD10005D99E8 /* AppDelegate.h */ = {isa = PBXFileReference; lastKnownFileType = sourcecode.c.h; path = AppDelegate.h; sourceTree = "<group>"; };
		FABE250214C0FD10005D99E8 /* AppDelegate.m */ = {isa = PBXFileReference; lastKnownFileType = sourcecode.c.objc; path = AppDelegate.m; sourceTree = "<group>"; };
		FABE25D014C0FE0A005D99E8 /* BoundingBox.cpp */ = {isa = PBXFileReference; fileEncoding = 4; lastKnownFileType = sourcecode.cpp.cpp; path = BoundingBox.cpp; sourceTree = "<group>"; };
		FABE25D114C0FE0A005D99E8 /* BoundingBox.h */ = {isa = PBXFileReference; fileEncoding = 4; lastKnownFileType = sourcecode.c.h; path = BoundingBox.h; sourceTree = "<group>"; };
		FABE25D214C0FE0A005D99E8 /* BoundingSphere.cpp */ = {isa = PBXFileReference; fileEncoding = 4; lastKnownFileType = sourcecode.cpp.cpp; path = BoundingSphere.cpp; sourceTree = "<group>"; };
		FABE25D314C0FE0A005D99E8 /* BoundingSphere.h */ = {isa = PBXFileReference; fileEncoding = 4; lastKnownFileType = sourcecode.c.h; path = BoundingSphere.h; sourceTree = "<group>"; };
		FABE25D414C0FE0A005D99E8 /* Frustum.cpp */ = {isa = PBXFileReference; fileEncoding = 4; lastKnownFileType = sourcecode.cpp.cpp; path = Frustum.cpp; sourceTree = "<group>"; };
		FABE25D514C0FE0A005D99E8 /* Frustum.h */ = {isa = PBXFileReference; fileEncoding = 4; lastKnownFileType = sourcecode.c.h; path = Frustum.h; sourceTree = "<group>"; };
		FABE25D614C0FE0A005D99E8 /* MathLib.cpp */ = {isa = PBXFileReference; fileEncoding = 4; lastKnownFileType = sourcecode.cpp.cpp; path = MathLib.cpp; sourceTree = "<group>"; };
		FABE25D714C0FE0A005D99E8 /* MathLib.h */ = {isa = PBXFileReference; fileEncoding = 4; lastKnownFileType = sourcecode.c.h; path = MathLib.h; sourceTree = "<group>"; };
		FABE25D814C0FE0A005D99E8 /* Matrix3.cpp */ = {isa = PBXFileReference; fileEncoding = 4; lastKnownFileType = sourcecode.cpp.cpp; path = Matrix3.cpp; sourceTree = "<group>"; };
		FABE25D914C0FE0A005D99E8 /* Matrix3.h */ = {isa = PBXFileReference; fileEncoding = 4; lastKnownFileType = sourcecode.c.h; path = Matrix3.h; sourceTree = "<group>"; };
		FABE25DA14C0FE0A005D99E8 /* Matrix4.cpp */ = {isa = PBXFileReference; fileEncoding = 4; lastKnownFileType = sourcecode.cpp.cpp; path = Matrix4.cpp; sourceTree = "<group>"; };
		FABE25DB14C0FE0A005D99E8 /* Matrix4.h */ = {isa = PBXFileReference; fileEncoding = 4; lastKnownFileType = sourcecode.c.h; path = Matrix4.h; sourceTree = "<group>"; };
		FABE25DC14C0FE0A005D99E8 /* Plane.cpp */ = {isa = PBXFileReference; fileEncoding = 4; lastKnownFileType = sourcecode.cpp.cpp; path = Plane.cpp; sourceTree = "<group>"; };
		FABE25DD14C0FE0A005D99E8 /* Plane.h */ = {isa = PBXFileReference; fileEncoding = 4; lastKnownFileType = sourcecode.c.h; path = Plane.h; sourceTree = "<group>"; };
		FABE25DE14C0FE0A005D99E8 /* Polygon.cpp */ = {isa = PBXFileReference; fileEncoding = 4; lastKnownFileType = sourcecode.cpp.cpp; path = Polygon.cpp; sourceTree = "<group>"; };
		FABE25DF14C0FE0A005D99E8 /* Polygon.h */ = {isa = PBXFileReference; fileEncoding = 4; lastKnownFileType = sourcecode.c.h; path = Polygon.h; sourceTree = "<group>"; };
		FABE25E014C0FE0A005D99E8 /* Quaternion.cpp */ = {isa = PBXFileReference; fileEncoding = 4; lastKnownFileType = sourcecode.cpp.cpp; path = Quaternion.cpp; sourceTree = "<group>"; };
		FABE25E114C0FE0A005D99E8 /* Quaternion.h */ = {isa = PBXFileReference; fileEncoding = 4; lastKnownFileType = sourcecode.c.h; path = Quaternion.h; sourceTree = "<group>"; };
		FABE25E414C0FE0A005D99E8 /* Vector2.cpp */ = {isa = PBXFileReference; fileEncoding = 4; lastKnownFileType = sourcecode.cpp.cpp; path = Vector2.cpp; sourceTree = "<group>"; };
		FABE25E514C0FE0A005D99E8 /* Vector2.h */ = {isa = PBXFileReference; fileEncoding = 4; lastKnownFileType = sourcecode.c.h; path = Vector2.h; sourceTree = "<group>"; };
		FABE25E614C0FE0A005D99E8 /* Vector3.cpp */ = {isa = PBXFileReference; fileEncoding = 4; lastKnownFileType = sourcecode.cpp.cpp; path = Vector3.cpp; sourceTree = "<group>"; };
		FABE25E714C0FE0A005D99E8 /* Vector3.h */ = {isa = PBXFileReference; fileEncoding = 4; lastKnownFileType = sourcecode.c.h; path = Vector3.h; sourceTree = "<group>"; };
		FABE25E814C0FE0A005D99E8 /* Vector4.cpp */ = {isa = PBXFileReference; fileEncoding = 4; lastKnownFileType = sourcecode.cpp.cpp; path = Vector4.cpp; sourceTree = "<group>"; };
		FABE25E914C0FE0A005D99E8 /* Vector4.h */ = {isa = PBXFileReference; fileEncoding = 4; lastKnownFileType = sourcecode.c.h; path = Vector4.h; sourceTree = "<group>"; };
		FABE265214C0FE5A005D99E8 /* GLView.h */ = {isa = PBXFileReference; fileEncoding = 4; lastKnownFileType = sourcecode.c.h; path = GLView.h; sourceTree = "<group>"; };
		FABE265314C0FE5A005D99E8 /* GLView.mm */ = {isa = PBXFileReference; fileEncoding = 4; lastKnownFileType = sourcecode.cpp.objcpp; path = GLView.mm; sourceTree = "<group>"; };
		FABE265714C0FF1B005D99E8 /* OpenGLES.framework */ = {isa = PBXFileReference; lastKnownFileType = wrapper.framework; name = OpenGLES.framework; path = System/Library/Frameworks/OpenGLES.framework; sourceTree = SDKROOT; };
		FABE265D14C0FF68005D99E8 /* QuartzCore.framework */ = {isa = PBXFileReference; lastKnownFileType = wrapper.framework; name = QuartzCore.framework; path = System/Library/Frameworks/QuartzCore.framework; sourceTree = SDKROOT; };
		FABE266414C10113005D99E8 /* Camera.cpp */ = {isa = PBXFileReference; fileEncoding = 4; lastKnownFileType = sourcecode.cpp.cpp; path = Camera.cpp; sourceTree = "<group>"; };
		FABE266514C10113005D99E8 /* Camera.h */ = {isa = PBXFileReference; fileEncoding = 4; lastKnownFileType = sourcecode.c.h; path = Camera.h; sourceTree = "<group>"; };
		FABE266614C10113005D99E8 /* Image.cpp */ = {isa = PBXFileReference; fileEncoding = 4; lastKnownFileType = sourcecode.cpp.cpp; path = Image.cpp; sourceTree = "<group>"; };
		FABE266714C10113005D99E8 /* Image.h */ = {isa = PBXFileReference; fileEncoding = 4; lastKnownFileType = sourcecode.c.h; path = Image.h; sourceTree = "<group>"; };
		FABE266914C10113005D99E8 /* OpenGLES1RenderManager.cpp */ = {isa = PBXFileReference; fileEncoding = 4; lastKnownFileType = sourcecode.cpp.cpp; path = OpenGLES1RenderManager.cpp; sourceTree = "<group>"; };
		FABE266A14C10113005D99E8 /* OpenGLES1RenderManager.h */ = {isa = PBXFileReference; fileEncoding = 4; lastKnownFileType = sourcecode.c.h; path = OpenGLES1RenderManager.h; sourceTree = "<group>"; };
		FABE266B14C10113005D99E8 /* ModelObj.cpp */ = {isa = PBXFileReference; fileEncoding = 4; lastKnownFileType = sourcecode.cpp.cpp; path = ModelObj.cpp; sourceTree = "<group>"; };
		FABE266C14C10113005D99E8 /* ModelObj.h */ = {isa = PBXFileReference; fileEncoding = 4; lastKnownFileType = sourcecode.c.h; path = ModelObj.h; sourceTree = "<group>"; };
		FABE267514C10113005D99E8 /* RenderManager.cpp */ = {isa = PBXFileReference; fileEncoding = 4; lastKnownFileType = sourcecode.cpp.cpp; path = RenderManager.cpp; sourceTree = "<group>"; };
		FABE267614C10113005D99E8 /* RenderManager.h */ = {isa = PBXFileReference; fileEncoding = 4; lastKnownFileType = sourcecode.c.h; path = RenderManager.h; sourceTree = "<group>"; };
		FABE267714C10113005D99E8 /* SplashScreen.cpp */ = {isa = PBXFileReference; fileEncoding = 4; lastKnownFileType = sourcecode.cpp.cpp; path = SplashScreen.cpp; sourceTree = "<group>"; };
		FABE267814C10113005D99E8 /* SplashScreen.h */ = {isa = PBXFileReference; fileEncoding = 4; lastKnownFileType = sourcecode.c.h; path = SplashScreen.h; sourceTree = "<group>"; };
		FABE267914C10113005D99E8 /* Sprite.cpp */ = {isa = PBXFileReference; fileEncoding = 4; lastKnownFileType = sourcecode.cpp.cpp; path = Sprite.cpp; sourceTree = "<group>"; };
		FABE267A14C10113005D99E8 /* Sprite.h */ = {isa = PBXFileReference; fileEncoding = 4; lastKnownFileType = sourcecode.c.h; path = Sprite.h; sourceTree = "<group>"; };
		FABE267B14C10113005D99E8 /* Sprite3D.cpp */ = {isa = PBXFileReference; fileEncoding = 4; lastKnownFileType = sourcecode.cpp.cpp; path = Sprite3D.cpp; sourceTree = "<group>"; };
		FABE267C14C10113005D99E8 /* Sprite3D.h */ = {isa = PBXFileReference; fileEncoding = 4; lastKnownFileType = sourcecode.c.h; path = Sprite3D.h; sourceTree = "<group>"; };
		FABE267D14C10113005D99E8 /* stb_image.h */ = {isa = PBXFileReference; fileEncoding = 4; lastKnownFileType = sourcecode.c.h; path = stb_image.h; sourceTree = "<group>"; };
		FABE267E14C10113005D99E8 /* stb_truetype.h */ = {isa = PBXFileReference; fileEncoding = 4; lastKnownFileType = sourcecode.c.h; path = stb_truetype.h; sourceTree = "<group>"; };
		FABE267F14C10113005D99E8 /* TextureManager.cpp */ = {isa = PBXFileReference; fileEncoding = 4; lastKnownFileType = sourcecode.cpp.cpp; path = TextureManager.cpp; sourceTree = "<group>"; };
		FABE268014C10113005D99E8 /* TextureManager.h */ = {isa = PBXFileReference; fileEncoding = 4; lastKnownFileType = sourcecode.c.h; path = TextureManager.h; sourceTree = "<group>"; };
		FABE268114C10113005D99E8 /* TrueTypeFont.cpp */ = {isa = PBXFileReference; fileEncoding = 4; lastKnownFileType = sourcecode.cpp.cpp; path = TrueTypeFont.cpp; sourceTree = "<group>"; };
		FABE268214C10113005D99E8 /* TrueTypeFont.h */ = {isa = PBXFileReference; fileEncoding = 4; lastKnownFileType = sourcecode.c.h; path = TrueTypeFont.h; sourceTree = "<group>"; };
		FABE268314C10113005D99E8 /* Vertex.h */ = {isa = PBXFileReference; fileEncoding = 4; lastKnownFileType = sourcecode.c.h; path = Vertex.h; sourceTree = "<group>"; };
		FABE269B14C10123005D99E8 /* PlatformConfigurator.h */ = {isa = PBXFileReference; fileEncoding = 4; lastKnownFileType = sourcecode.c.h; path = PlatformConfigurator.h; sourceTree = "<group>"; };
		FAF37C3B14C2011200931646 /* Demo_ObjLoading.cpp */ = {isa = PBXFileReference; fileEncoding = 4; lastKnownFileType = sourcecode.cpp.cpp; path = Demo_ObjLoading.cpp; sourceTree = "<group>"; };
		FAF37C3C14C2011200931646 /* Demo_ObjLoading.h */ = {isa = PBXFileReference; fileEncoding = 4; lastKnownFileType = sourcecode.c.h; path = Demo_ObjLoading.h; sourceTree = "<group>"; };
		FAF37C4114C2011200931646 /* ExampleGame.cpp */ = {isa = PBXFileReference; fileEncoding = 4; lastKnownFileType = sourcecode.cpp.cpp; path = ExampleGame.cpp; sourceTree = "<group>"; };
		FAF37C4214C2011200931646 /* ExampleGame.h */ = {isa = PBXFileReference; fileEncoding = 4; lastKnownFileType = sourcecode.c.h; path = ExampleGame.h; sourceTree = "<group>"; };
		FAF37C4514C2011200931646 /* SimpleTest.cpp */ = {isa = PBXFileReference; fileEncoding = 4; lastKnownFileType = sourcecode.cpp.cpp; path = SimpleTest.cpp; sourceTree = "<group>"; };
		FAF37C4614C2011200931646 /* SimpleTest.h */ = {isa = PBXFileReference; fileEncoding = 4; lastKnownFileType = sourcecode.c.h; path = SimpleTest.h; sourceTree = "<group>"; };
		FAF37C4E14C2042000931646 /* Assets */ = {isa = PBXFileReference; lastKnownFileType = folder; path = Assets; sourceTree = "<group>"; };
/* End PBXFileReference section */

/* Begin PBXFrameworksBuildPhase section */
		FABE24EB14C0FD10005D99E8 /* Frameworks */ = {
			isa = PBXFrameworksBuildPhase;
			buildActionMask = 2147483647;
			files = (
				FABE265E14C0FF68005D99E8 /* QuartzCore.framework in Frameworks */,
				FABE265814C0FF1B005D99E8 /* OpenGLES.framework in Frameworks */,
				FABE24F314C0FD10005D99E8 /* UIKit.framework in Frameworks */,
				FABE24F514C0FD10005D99E8 /* Foundation.framework in Frameworks */,
				FABE24F714C0FD10005D99E8 /* CoreGraphics.framework in Frameworks */,
			);
			runOnlyForDeploymentPostprocessing = 0;
		};
/* End PBXFrameworksBuildPhase section */

/* Begin PBXGroup section */
		FA8375AF14C3F703001DA3A2 /* ios */ = {
			isa = PBXGroup;
			children = (
				FA8375B014C3F703001DA3A2 /* IOSNetworkManager.cpp */,
				FA8375B114C3F703001DA3A2 /* IOSNetworkManager.h */,
			);
			path = ios;
			sourceTree = "<group>";
		};
		FA85818314C3920A00D987B7 /* Network */ = {
			isa = PBXGroup;
			children = (
				FA8375AF14C3F703001DA3A2 /* ios */,
				FA85818414C3920A00D987B7 /* Http.cpp */,
				FA85818514C3920A00D987B7 /* Http.hpp */,
				FA8375B314C3F712001DA3A2 /* NetworkManager.cpp */,
				FA8375B414C3F712001DA3A2 /* NetworkManager.h */,
				FA85818614C3920A00D987B7 /* IPAddress.cpp */,
				FA85818714C3920A00D987B7 /* IPAddress.hpp */,
				FA85818A14C3920A00D987B7 /* Packet.cpp */,
				FA85818B14C3920A00D987B7 /* Packet.hpp */,
				FA85819214C3920A00D987B7 /* Selector.hpp */,
				FA85819314C3920A00D987B7 /* Selector.inl */,
				FA85819414C3920A00D987B7 /* SelectorBase.cpp */,
				FA85819514C3920A00D987B7 /* SelectorBase.hpp */,
				FA85819614C3920A00D987B7 /* SocketHelper.hpp */,
				FA85819714C3920A00D987B7 /* SocketTCP.cpp */,
				FA85819814C3920A00D987B7 /* SocketTCP.hpp */,
				FA85819914C3920A00D987B7 /* SocketUDP.cpp */,
				FA85819A14C3920A00D987B7 /* SocketUDP.hpp */,
				FA85819B14C3920A00D987B7 /* Unix */,
			);
			path = Network;
			sourceTree = "<group>";
		};
		FA85819B14C3920A00D987B7 /* Unix */ = {
			isa = PBXGroup;
			children = (
				FA85819C14C3920A00D987B7 /* SocketHelper.cpp */,
				FA85819D14C3920A00D987B7 /* SocketHelper.hpp */,
			);
			path = Unix;
			sourceTree = "<group>";
		};
		FAB35A2214C1EC7200AD6619 /* ios */ = {
			isa = PBXGroup;
			children = (
				FAB35A2314C1EC7200AD6619 /* IOSGameLoader.cpp */,
				FAB35A2414C1EC7200AD6619 /* IOSGameLoader.h */,
			);
			path = ios;
			sourceTree = "<group>";
		};
		FAB35A2614C1EE5800AD6619 /* System */ = {
			isa = PBXGroup;
			children = (
				FAB35A3714C1EEA600AD6619 /* ios */,
				FAB35A2714C1EE5800AD6619 /* Clock.h */,
				FAB35A3014C1EE5800AD6619 /* SystemManager.cpp */,
				FAB35A3114C1EE5800AD6619 /* SystemManager.h */,
			);
			path = System;
			sourceTree = "<group>";
		};
		FAB35A3714C1EEA600AD6619 /* ios */ = {
			isa = PBXGroup;
			children = (
				FAB35A3814C1EEA600AD6619 /* Clock.cpp */,
				FAB35A3914C1EEA600AD6619 /* IOSSystemManager.cpp */,
				FAB35A3A14C1EEA600AD6619 /* IOSSystemManager.h */,
			);
			path = ios;
			sourceTree = "<group>";
		};
		FABE24E314C0FD0F005D99E8 = {
			isa = PBXGroup;
			children = (
				FAF37C4E14C2042000931646 /* Assets */,
				FAF37C3814C2011200931646 /* Tests */,
				FABE25B014C0FE0A005D99E8 /* Aurora */,
				FABE24F814C0FD10005D99E8 /* IOS */,
				FABE24F114C0FD10005D99E8 /* Frameworks */,
				FABE24EF14C0FD10005D99E8 /* Products */,
			);
			sourceTree = "<group>";
		};
		FABE24EF14C0FD10005D99E8 /* Products */ = {
			isa = PBXGroup;
			children = (
				FABE24EE14C0FD10005D99E8 /* IOS.app */,
			);
			name = Products;
			sourceTree = "<group>";
		};
		FABE24F114C0FD10005D99E8 /* Frameworks */ = {
			isa = PBXGroup;
			children = (
				FABE265D14C0FF68005D99E8 /* QuartzCore.framework */,
				FABE265714C0FF1B005D99E8 /* OpenGLES.framework */,
				FABE24F214C0FD10005D99E8 /* UIKit.framework */,
				FABE24F414C0FD10005D99E8 /* Foundation.framework */,
				FABE24F614C0FD10005D99E8 /* CoreGraphics.framework */,
			);
			name = Frameworks;
			sourceTree = "<group>";
		};
		FABE24F814C0FD10005D99E8 /* IOS */ = {
			isa = PBXGroup;
			children = (
				FABE265214C0FE5A005D99E8 /* GLView.h */,
				FABE265314C0FE5A005D99E8 /* GLView.mm */,
				FABE250114C0FD10005D99E8 /* AppDelegate.h */,
				FABE250214C0FD10005D99E8 /* AppDelegate.m */,
				FABE24F914C0FD10005D99E8 /* Supporting Files */,
			);
			path = IOS;
			sourceTree = "<group>";
		};
		FABE24F914C0FD10005D99E8 /* Supporting Files */ = {
			isa = PBXGroup;
			children = (
				FABE24FA14C0FD10005D99E8 /* IOS-Info.plist */,
				FABE24FB14C0FD10005D99E8 /* InfoPlist.strings */,
				FABE24FE14C0FD10005D99E8 /* main.m */,
				FABE250014C0FD10005D99E8 /* IOS-Prefix.pch */,
			);
			name = "Supporting Files";
			sourceTree = "<group>";
		};
		FABE25B014C0FE0A005D99E8 /* Aurora */ = {
			isa = PBXGroup;
			children = (
				FA85818314C3920A00D987B7 /* Network */,
				FAB35A2614C1EE5800AD6619 /* System */,
				FABE269214C10123005D99E8 /* Utils */,
				FABE266314C10113005D99E8 /* Graphics */,
				FABE25CF14C0FE0A005D99E8 /* Math */,
			);
			path = Aurora;
			sourceTree = "<group>";
		};
		FABE25CF14C0FE0A005D99E8 /* Math */ = {
			isa = PBXGroup;
			children = (
				FABE25D014C0FE0A005D99E8 /* BoundingBox.cpp */,
				FABE25D114C0FE0A005D99E8 /* BoundingBox.h */,
				FABE25D214C0FE0A005D99E8 /* BoundingSphere.cpp */,
				FABE25D314C0FE0A005D99E8 /* BoundingSphere.h */,
				FABE25D414C0FE0A005D99E8 /* Frustum.cpp */,
				FABE25D514C0FE0A005D99E8 /* Frustum.h */,
				FABE25D614C0FE0A005D99E8 /* MathLib.cpp */,
				FABE25D714C0FE0A005D99E8 /* MathLib.h */,
				FABE25D814C0FE0A005D99E8 /* Matrix3.cpp */,
				FABE25D914C0FE0A005D99E8 /* Matrix3.h */,
				FABE25DA14C0FE0A005D99E8 /* Matrix4.cpp */,
				FABE25DB14C0FE0A005D99E8 /* Matrix4.h */,
				FABE25DC14C0FE0A005D99E8 /* Plane.cpp */,
				FABE25DD14C0FE0A005D99E8 /* Plane.h */,
				FABE25DE14C0FE0A005D99E8 /* Polygon.cpp */,
				FABE25DF14C0FE0A005D99E8 /* Polygon.h */,
				FABE25E014C0FE0A005D99E8 /* Quaternion.cpp */,
				FABE25E114C0FE0A005D99E8 /* Quaternion.h */,
				FABE25E414C0FE0A005D99E8 /* Vector2.cpp */,
				FABE25E514C0FE0A005D99E8 /* Vector2.h */,
				FABE25E614C0FE0A005D99E8 /* Vector3.cpp */,
				FABE25E714C0FE0A005D99E8 /* Vector3.h */,
				FABE25E814C0FE0A005D99E8 /* Vector4.cpp */,
				FABE25E914C0FE0A005D99E8 /* Vector4.h */,
			);
			path = Math;
			sourceTree = "<group>";
		};
		FABE266314C10113005D99E8 /* Graphics */ = {
			isa = PBXGroup;
			children = (
				FABE266814C10113005D99E8 /* ios */,
				FABE266414C10113005D99E8 /* Camera.cpp */,
				FABE266514C10113005D99E8 /* Camera.h */,
				FABE266614C10113005D99E8 /* Image.cpp */,
				FABE266714C10113005D99E8 /* Image.h */,
				FABE266B14C10113005D99E8 /* ModelObj.cpp */,
				FABE266C14C10113005D99E8 /* ModelObj.h */,
				FABE267514C10113005D99E8 /* RenderManager.cpp */,
				FABE267614C10113005D99E8 /* RenderManager.h */,
				FABE267714C10113005D99E8 /* SplashScreen.cpp */,
				FABE267814C10113005D99E8 /* SplashScreen.h */,
				FABE267914C10113005D99E8 /* Sprite.cpp */,
				FABE267A14C10113005D99E8 /* Sprite.h */,
				FABE267B14C10113005D99E8 /* Sprite3D.cpp */,
				FABE267C14C10113005D99E8 /* Sprite3D.h */,
				FABE267D14C10113005D99E8 /* stb_image.h */,
				FABE267E14C10113005D99E8 /* stb_truetype.h */,
				FABE267F14C10113005D99E8 /* TextureManager.cpp */,
				FABE268014C10113005D99E8 /* TextureManager.h */,
				FABE268114C10113005D99E8 /* TrueTypeFont.cpp */,
				FABE268214C10113005D99E8 /* TrueTypeFont.h */,
				FABE268314C10113005D99E8 /* Vertex.h */,
			);
			path = Graphics;
			sourceTree = "<group>";
		};
		FABE266814C10113005D99E8 /* ios */ = {
			isa = PBXGroup;
			children = (
				FABE266914C10113005D99E8 /* OpenGLES1RenderManager.cpp */,
				FABE266A14C10113005D99E8 /* OpenGLES1RenderManager.h */,
			);
			path = ios;
			sourceTree = "<group>";
		};
		FABE269214C10123005D99E8 /* Utils */ = {
			isa = PBXGroup;
			children = (
				FAB35A2214C1EC7200AD6619 /* ios */,
				FAB35A1F14C1EC6900AD6619 /* GameLoader.cpp */,
				FAB35A2014C1EC6900AD6619 /* GameLoader.h */,
				FAB35A1A14C1EB3C00AD6619 /* GameManager.cpp */,
				FAB35A1B14C1EB3C00AD6619 /* GameManager.h */,
				FAB35A1C14C1EB3C00AD6619 /* GameState.h */,
				FABE269B14C10123005D99E8 /* PlatformConfigurator.h */,
			);
			path = Utils;
			sourceTree = "<group>";
		};
		FAF37C3814C2011200931646 /* Tests */ = {
			isa = PBXGroup;
			children = (
				FA8375A814C3F55A001DA3A2 /* ClientTest.cpp */,
				FA8375A914C3F55A001DA3A2 /* ClientTest.h */,
				FA8375AA14C3F55A001DA3A2 /* ServerTest.cpp */,
				FA8375AB14C3F55A001DA3A2 /* ServerTest.h */,
				FAF37C3B14C2011200931646 /* Demo_ObjLoading.cpp */,
				FAF37C3C14C2011200931646 /* Demo_ObjLoading.h */,
				FAF37C4114C2011200931646 /* ExampleGame.cpp */,
				FAF37C4214C2011200931646 /* ExampleGame.h */,
				FAF37C4514C2011200931646 /* SimpleTest.cpp */,
				FAF37C4614C2011200931646 /* SimpleTest.h */,
			);
			path = Tests;
			sourceTree = "<group>";
		};
/* End PBXGroup section */

/* Begin PBXNativeTarget section */
		FABE24ED14C0FD10005D99E8 /* IOS */ = {
			isa = PBXNativeTarget;
			buildConfigurationList = FABE250614C0FD10005D99E8 /* Build configuration list for PBXNativeTarget "IOS" */;
			buildPhases = (
				FABE24EA14C0FD10005D99E8 /* Sources */,
				FABE24EB14C0FD10005D99E8 /* Frameworks */,
				FABE24EC14C0FD10005D99E8 /* Resources */,
			);
			buildRules = (
			);
			dependencies = (
			);
			name = IOS;
			productName = IOS;
			productReference = FABE24EE14C0FD10005D99E8 /* IOS.app */;
			productType = "com.apple.product-type.application";
		};
/* End PBXNativeTarget section */

/* Begin PBXProject section */
		FABE24E514C0FD0F005D99E8 /* Project object */ = {
			isa = PBXProject;
			attributes = {
				LastUpgradeCheck = 0420;
			};
			buildConfigurationList = FABE24E814C0FD0F005D99E8 /* Build configuration list for PBXProject "IOS" */;
			compatibilityVersion = "Xcode 3.2";
			developmentRegion = English;
			hasScannedForEncodings = 0;
			knownRegions = (
				en,
			);
			mainGroup = FABE24E314C0FD0F005D99E8;
			productRefGroup = FABE24EF14C0FD10005D99E8 /* Products */;
			projectDirPath = "";
			projectRoot = "";
			targets = (
				FABE24ED14C0FD10005D99E8 /* IOS */,
			);
		};
/* End PBXProject section */

/* Begin PBXResourcesBuildPhase section */
		FABE24EC14C0FD10005D99E8 /* Resources */ = {
			isa = PBXResourcesBuildPhase;
			buildActionMask = 2147483647;
			files = (
				FABE24FD14C0FD10005D99E8 /* InfoPlist.strings in Resources */,
				FAF37C4F14C2042000931646 /* Assets in Resources */,
				FA8581A714C3920A00D987B7 /* Selector.inl in Resources */,
			);
			runOnlyForDeploymentPostprocessing = 0;
		};
/* End PBXResourcesBuildPhase section */

/* Begin PBXSourcesBuildPhase section */
		FABE24EA14C0FD10005D99E8 /* Sources */ = {
			isa = PBXSourcesBuildPhase;
			buildActionMask = 2147483647;
			files = (
				FABE24FF14C0FD10005D99E8 /* main.m in Sources */,
				FABE250314C0FD10005D99E8 /* AppDelegate.m in Sources */,
				FABE262F14C0FE0A005D99E8 /* BoundingBox.cpp in Sources */,
				FABE263014C0FE0A005D99E8 /* BoundingSphere.cpp in Sources */,
				FABE263114C0FE0A005D99E8 /* Frustum.cpp in Sources */,
				FABE263214C0FE0A005D99E8 /* MathLib.cpp in Sources */,
				FABE263314C0FE0A005D99E8 /* Matrix3.cpp in Sources */,
				FABE263414C0FE0A005D99E8 /* Matrix4.cpp in Sources */,
				FABE263514C0FE0A005D99E8 /* Plane.cpp in Sources */,
				FABE263614C0FE0A005D99E8 /* Polygon.cpp in Sources */,
				FABE263714C0FE0A005D99E8 /* Quaternion.cpp in Sources */,
				FABE263914C0FE0A005D99E8 /* Vector2.cpp in Sources */,
				FABE263A14C0FE0A005D99E8 /* Vector3.cpp in Sources */,
				FABE263B14C0FE0A005D99E8 /* Vector4.cpp in Sources */,
				FABE265414C0FE5A005D99E8 /* GLView.mm in Sources */,
				FABE268414C10113005D99E8 /* Camera.cpp in Sources */,
				FABE268514C10113005D99E8 /* Image.cpp in Sources */,
				FABE268614C10113005D99E8 /* OpenGLES1RenderManager.cpp in Sources */,
				FABE268714C10113005D99E8 /* ModelObj.cpp in Sources */,
				FABE268B14C10113005D99E8 /* RenderManager.cpp in Sources */,
				FABE268C14C10113005D99E8 /* SplashScreen.cpp in Sources */,
				FABE268D14C10113005D99E8 /* Sprite.cpp in Sources */,
				FABE268E14C10113005D99E8 /* Sprite3D.cpp in Sources */,
				FABE268F14C10113005D99E8 /* TextureManager.cpp in Sources */,
				FABE269014C10113005D99E8 /* TrueTypeFont.cpp in Sources */,
				FAB35A1D14C1EB3C00AD6619 /* GameManager.cpp in Sources */,
				FAB35A2114C1EC6900AD6619 /* GameLoader.cpp in Sources */,
				FAB35A2514C1EC7200AD6619 /* IOSGameLoader.cpp in Sources */,
				FAB35A3614C1EE5800AD6619 /* SystemManager.cpp in Sources */,
				FAB35A3B14C1EEA600AD6619 /* Clock.cpp in Sources */,
				FAB35A3C14C1EEA600AD6619 /* IOSSystemManager.cpp in Sources */,
				FAF37C4814C2011200931646 /* Demo_ObjLoading.cpp in Sources */,
				FAF37C4B14C2011200931646 /* ExampleGame.cpp in Sources */,
				FAF37C4D14C2011200931646 /* SimpleTest.cpp in Sources */,
				FA8581A114C3920A00D987B7 /* Http.cpp in Sources */,
				FA8581A214C3920A00D987B7 /* IPAddress.cpp in Sources */,
				FA8581A414C3920A00D987B7 /* Packet.cpp in Sources */,
				FA8581A814C3920A00D987B7 /* SelectorBase.cpp in Sources */,
				FA8581A914C3920A00D987B7 /* SocketTCP.cpp in Sources */,
				FA8581AA14C3920A00D987B7 /* SocketUDP.cpp in Sources */,
				FA8581AB14C3920A00D987B7 /* SocketHelper.cpp in Sources */,
				FA8375AC14C3F55A001DA3A2 /* ClientTest.cpp in Sources */,
				FA8375AD14C3F55A001DA3A2 /* ServerTest.cpp in Sources */,
				FA8375B214C3F703001DA3A2 /* IOSNetworkManager.cpp in Sources */,
				FA8375B514C3F712001DA3A2 /* NetworkManager.cpp in Sources */,
			);
			runOnlyForDeploymentPostprocessing = 0;
		};
/* End PBXSourcesBuildPhase section */

/* Begin PBXVariantGroup section */
		FABE24FB14C0FD10005D99E8 /* InfoPlist.strings */ = {
			isa = PBXVariantGroup;
			children = (
				FABE24FC14C0FD10005D99E8 /* en */,
			);
			name = InfoPlist.strings;
			sourceTree = "<group>";
		};
/* End PBXVariantGroup section */

/* Begin XCBuildConfiguration section */
		FABE250414C0FD10005D99E8 /* Debug */ = {
			isa = XCBuildConfiguration;
			buildSettings = {
				ALWAYS_SEARCH_USER_PATHS = NO;
				ARCHS = "$(ARCHS_STANDARD_32_BIT)";
				"CODE_SIGN_IDENTITY[sdk=iphoneos*]" = "iPhone Developer";
				COPY_PHASE_STRIP = NO;
				GCC_C_LANGUAGE_STANDARD = gnu99;
				GCC_DYNAMIC_NO_PIC = NO;
				GCC_OPTIMIZATION_LEVEL = 0;
				GCC_PREPROCESSOR_DEFINITIONS = (
					"DEBUG=1",
					"$(inherited)",
				);
				GCC_SYMBOLS_PRIVATE_EXTERN = NO;
				GCC_VERSION = com.apple.compilers.llvm.clang.1_0;
				GCC_WARN_ABOUT_MISSING_PROTOTYPES = YES;
				GCC_WARN_ABOUT_RETURN_TYPE = YES;
				GCC_WARN_UNUSED_VARIABLE = YES;
				IPHONEOS_DEPLOYMENT_TARGET = 5.0;
				SDKROOT = iphoneos;
				TARGETED_DEVICE_FAMILY = "1,2";
			};
			name = Debug;
		};
		FABE250514C0FD10005D99E8 /* Release */ = {
			isa = XCBuildConfiguration;
			buildSettings = {
				ALWAYS_SEARCH_USER_PATHS = NO;
				ARCHS = "$(ARCHS_STANDARD_32_BIT)";
				"CODE_SIGN_IDENTITY[sdk=iphoneos*]" = "iPhone Developer";
				COPY_PHASE_STRIP = YES;
				GCC_C_LANGUAGE_STANDARD = gnu99;
				GCC_VERSION = com.apple.compilers.llvm.clang.1_0;
				GCC_WARN_ABOUT_MISSING_PROTOTYPES = YES;
				GCC_WARN_ABOUT_RETURN_TYPE = YES;
				GCC_WARN_UNUSED_VARIABLE = YES;
				IPHONEOS_DEPLOYMENT_TARGET = 5.0;
				OTHER_CFLAGS = "-DNS_BLOCK_ASSERTIONS=1";
				SDKROOT = iphoneos;
				TARGETED_DEVICE_FAMILY = "1,2";
				VALIDATE_PRODUCT = YES;
			};
			name = Release;
		};
		FABE250714C0FD10005D99E8 /* Debug */ = {
			isa = XCBuildConfiguration;
			buildSettings = {
				CLANG_CXX_LANGUAGE_STANDARD = "compiler-default";
				CLANG_CXX_LIBRARY = "compiler-default";
				GCC_C_LANGUAGE_STANDARD = "compiler-default";
				GCC_PRECOMPILE_PREFIX_HEADER = YES;
				GCC_PREFIX_HEADER = "IOS/IOS-Prefix.pch";
				HEADER_SEARCH_PATHS = "./**";
				INFOPLIST_FILE = "IOS/IOS-Info.plist";
				IPHONEOS_DEPLOYMENT_TARGET = 5.0;
				PRODUCT_NAME = "$(TARGET_NAME)";
				SDKROOT = iphoneos5.0;
				WRAPPER_EXTENSION = app;
			};
			name = Debug;
		};
		FABE250814C0FD10005D99E8 /* Release */ = {
			isa = XCBuildConfiguration;
			buildSettings = {
				CLANG_CXX_LANGUAGE_STANDARD = "compiler-default";
				CLANG_CXX_LIBRARY = "compiler-default";
				GCC_C_LANGUAGE_STANDARD = "compiler-default";
				GCC_PRECOMPILE_PREFIX_HEADER = YES;
				GCC_PREFIX_HEADER = "IOS/IOS-Prefix.pch";
				HEADER_SEARCH_PATHS = "./**";
				INFOPLIST_FILE = "IOS/IOS-Info.plist";
				IPHONEOS_DEPLOYMENT_TARGET = 5.0;
				PRODUCT_NAME = "$(TARGET_NAME)";
				SDKROOT = iphoneos5.0;
				WRAPPER_EXTENSION = app;
			};
			name = Release;
		};
/* End XCBuildConfiguration section */

/* Begin XCConfigurationList section */
		FABE24E814C0FD0F005D99E8 /* Build configuration list for PBXProject "IOS" */ = {
			isa = XCConfigurationList;
			buildConfigurations = (
				FABE250414C0FD10005D99E8 /* Debug */,
				FABE250514C0FD10005D99E8 /* Release */,
			);
			defaultConfigurationIsVisible = 0;
			defaultConfigurationName = Release;
		};
		FABE250614C0FD10005D99E8 /* Build configuration list for PBXNativeTarget "IOS" */ = {
			isa = XCConfigurationList;
			buildConfigurations = (
				FABE250714C0FD10005D99E8 /* Debug */,
				FABE250814C0FD10005D99E8 /* Release */,
			);
			defaultConfigurationIsVisible = 0;
			defaultConfigurationName = Release;
		};
/* End XCConfigurationList section */
	};
	rootObject = FABE24E514C0FD0F005D99E8 /* Project object */;
}
