
Microsoft Visual Studio Solution File, Format Version 11.00
# Visual Studio 2010
Project("{8BC9CEB8-8B4A-11D0-8D11-00A0C91BC942}") = "enet", "enet.vcxproj", "{3F72A153-9ED6-6345-BBA7-D49AF1A3C07A}"
EndProject
Global
	GlobalSection(SolutionConfigurationPlatforms) = preSolution
		Debug|Win32 = Debug|Win32
		Release|Win32 = Release|Win32
	EndGlobalSection
	GlobalSection(ProjectConfigurationPlatforms) = postSolution
		{3F72A153-9ED6-6345-BBA7-D49AF1A3C07A}.Debug|Win32.ActiveCfg = Debug|Win32
		{3F72A153-9ED6-6345-BBA7-D49AF1A3C07A}.Debug|Win32.Build.0 = Debug|Win32
		{3F72A153-9ED6-6345-BBA7-D49AF1A3C07A}.Release|Win32.ActiveCfg = Release|Win32
		{3F72A153-9ED6-6345-BBA7-D49AF1A3C07A}.Release|Win32.Build.0 = Release|Win32
	EndGlobalSection
	GlobalSection(SolutionProperties) = preSolution
		HideSolutionNode = FALSE
	EndGlobalSection
EndGlobal
