<?xml version="1.0" encoding="utf-8"?>
<Project ToolsVersion="4.0" xmlns="http://schemas.microsoft.com/developer/msbuild/2003">
  <ItemGroup>
    <Filter Include="Resource Files">
      <UniqueIdentifier>{67DA6AB6-F800-4c08-8B7A-83BB121AAD01}</UniqueIdentifier>
      <Extensions>rc;ico;cur;bmp;dlg;rc2;rct;bin;rgs;gif;jpg;jpeg;jpe;resx;tiff;tif;png;wav;mfcribbon-ms</Extensions>
    </Filter>
    <Filter Include="Aurora">
      <UniqueIdentifier>{b04d188d-67fd-4952-8c9f-78484f5f1300}</UniqueIdentifier>
    </Filter>
    <Filter Include="Aurora\Graphics">
      <UniqueIdentifier>{e00ef9e8-de6c-480b-a132-d989000dacf6}</UniqueIdentifier>
    </Filter>
    <Filter Include="Aurora\Graphics\pc">
      <UniqueIdentifier>{2b47640f-430c-41ac-9746-b80d5c8564ac}</UniqueIdentifier>
    </Filter>
    <Filter Include="Aurora\Math">
      <UniqueIdentifier>{a3ad1535-ee41-4557-8f14-7749a90e1d4f}</UniqueIdentifier>
    </Filter>
    <Filter Include="Aurora\System">
      <UniqueIdentifier>{1828c03b-9418-4f15-a034-6ff231b2af63}</UniqueIdentifier>
    </Filter>
    <Filter Include="Aurora\Utils">
      <UniqueIdentifier>{4872a35e-2749-495b-8576-642e22824c6a}</UniqueIdentifier>
    </Filter>
    <Filter Include="Aurora\Utils\pc">
      <UniqueIdentifier>{e531ff7d-9b27-4292-997c-b753267c6dad}</UniqueIdentifier>
    </Filter>
    <Filter Include="Aurora\System\pc">
      <UniqueIdentifier>{0bd9f59b-6e59-4925-9313-9f1e4c509b15}</UniqueIdentifier>
    </Filter>
    <Filter Include="Libs">
      <UniqueIdentifier>{636e176e-7db5-4a04-be63-d3f34a3915cc}</UniqueIdentifier>
    </Filter>
    <Filter Include="Libs\Lua">
      <UniqueIdentifier>{3b3508da-87d5-4d87-930e-22c566721ad1}</UniqueIdentifier>
    </Filter>
    <Filter Include="Libs\LuaBind">
      <UniqueIdentifier>{77814683-4167-48df-b304-c033abfa9198}</UniqueIdentifier>
    </Filter>
  </ItemGroup>
  <ItemGroup>
    <ClCompile Include="Starter.cpp" />
    <ClCompile Include="ExampleGame.cpp" />
    <ClCompile Include="Aurora\Graphics\Camera.cpp">
      <Filter>Aurora\Graphics</Filter>
    </ClCompile>
    <ClCompile Include="Aurora\Graphics\Image.cpp">
      <Filter>Aurora\Graphics</Filter>
    </ClCompile>
    <ClCompile Include="Aurora\Graphics\RenderManager.cpp">
      <Filter>Aurora\Graphics</Filter>
    </ClCompile>
    <ClCompile Include="Aurora\Graphics\SplashScreen.cpp">
      <Filter>Aurora\Graphics</Filter>
    </ClCompile>
    <ClCompile Include="Aurora\Graphics\Sprite.cpp">
      <Filter>Aurora\Graphics</Filter>
    </ClCompile>
    <ClCompile Include="Aurora\Graphics\Sprite3D.cpp">
      <Filter>Aurora\Graphics</Filter>
    </ClCompile>
    <ClCompile Include="Aurora\Graphics\TextureManager.cpp">
      <Filter>Aurora\Graphics</Filter>
    </ClCompile>
    <ClCompile Include="Aurora\Graphics\TrueTypeFont.cpp">
      <Filter>Aurora\Graphics</Filter>
    </ClCompile>
    <ClCompile Include="Aurora\Graphics\pc\OpengGLRenderManager.cpp">
      <Filter>Aurora\Graphics\pc</Filter>
    </ClCompile>
    <ClCompile Include="Aurora\Math\BoundingBox.cpp">
      <Filter>Aurora\Math</Filter>
    </ClCompile>
    <ClCompile Include="Aurora\Math\BoundingSphere.cpp">
      <Filter>Aurora\Math</Filter>
    </ClCompile>
    <ClCompile Include="Aurora\Math\Frustum.cpp">
      <Filter>Aurora\Math</Filter>
    </ClCompile>
    <ClCompile Include="Aurora\Math\MathLib.cpp">
      <Filter>Aurora\Math</Filter>
    </ClCompile>
    <ClCompile Include="Aurora\Math\Matrix3.cpp">
      <Filter>Aurora\Math</Filter>
    </ClCompile>
    <ClCompile Include="Aurora\Math\Matrix4.cpp">
      <Filter>Aurora\Math</Filter>
    </ClCompile>
    <ClCompile Include="Aurora\Math\Plane.cpp">
      <Filter>Aurora\Math</Filter>
    </ClCompile>
    <ClCompile Include="Aurora\Math\Polygon.cpp">
      <Filter>Aurora\Math</Filter>
    </ClCompile>
    <ClCompile Include="Aurora\Math\Quaternion.cpp">
      <Filter>Aurora\Math</Filter>
    </ClCompile>
    <ClCompile Include="Aurora\Math\Ray.cpp">
      <Filter>Aurora\Math</Filter>
    </ClCompile>
    <ClCompile Include="Aurora\Utils\GameLoader.cpp">
      <Filter>Aurora\Utils</Filter>
    </ClCompile>
    <ClCompile Include="Aurora\Utils\GameManager.cpp">
      <Filter>Aurora\Utils</Filter>
    </ClCompile>
    <ClCompile Include="Aurora\Utils\pc\WinGameLoader.cpp">
      <Filter>Aurora\Utils\pc</Filter>
    </ClCompile>
    <ClCompile Include="Aurora\System\SystemManager.cpp">
      <Filter>Aurora\System</Filter>
    </ClCompile>
    <ClCompile Include="Aurora\System\pc\Clock.cpp">
      <Filter>Aurora\System\pc</Filter>
    </ClCompile>
    <ClCompile Include="Aurora\System\pc\PcSystemManager.cpp">
      <Filter>Aurora\System\pc</Filter>
    </ClCompile>
    <ClCompile Include="Aurora\Math\Vector2.cpp">
      <Filter>Aurora\Math</Filter>
    </ClCompile>
    <ClCompile Include="Aurora\Math\Vector3.cpp">
      <Filter>Aurora\Math</Filter>
    </ClCompile>
    <ClCompile Include="Aurora\Math\Vector4.cpp">
      <Filter>Aurora\Math</Filter>
    </ClCompile>
    <ClCompile Include="libs\lua-5.1.4\src\lapi.c">
      <Filter>Libs\Lua</Filter>
    </ClCompile>
    <ClCompile Include="libs\lua-5.1.4\src\lauxlib.c">
      <Filter>Libs\Lua</Filter>
    </ClCompile>
    <ClCompile Include="libs\lua-5.1.4\src\lbaselib.c">
      <Filter>Libs\Lua</Filter>
    </ClCompile>
    <ClCompile Include="libs\lua-5.1.4\src\lcode.c">
      <Filter>Libs\Lua</Filter>
    </ClCompile>
    <ClCompile Include="libs\lua-5.1.4\src\ldblib.c">
      <Filter>Libs\Lua</Filter>
    </ClCompile>
    <ClCompile Include="libs\lua-5.1.4\src\ldebug.c">
      <Filter>Libs\Lua</Filter>
    </ClCompile>
    <ClCompile Include="libs\lua-5.1.4\src\ldo.c">
      <Filter>Libs\Lua</Filter>
    </ClCompile>
    <ClCompile Include="libs\lua-5.1.4\src\ldump.c">
      <Filter>Libs\Lua</Filter>
    </ClCompile>
    <ClCompile Include="libs\lua-5.1.4\src\lfunc.c">
      <Filter>Libs\Lua</Filter>
    </ClCompile>
    <ClCompile Include="libs\lua-5.1.4\src\lgc.c">
      <Filter>Libs\Lua</Filter>
    </ClCompile>
    <ClCompile Include="libs\lua-5.1.4\src\linit.c">
      <Filter>Libs\Lua</Filter>
    </ClCompile>
    <ClCompile Include="libs\lua-5.1.4\src\liolib.c">
      <Filter>Libs\Lua</Filter>
    </ClCompile>
    <ClCompile Include="libs\lua-5.1.4\src\llex.c">
      <Filter>Libs\Lua</Filter>
    </ClCompile>
    <ClCompile Include="libs\lua-5.1.4\src\lmathlib.c">
      <Filter>Libs\Lua</Filter>
    </ClCompile>
    <ClCompile Include="libs\lua-5.1.4\src\lmem.c">
      <Filter>Libs\Lua</Filter>
    </ClCompile>
    <ClCompile Include="libs\lua-5.1.4\src\loadlib.c">
      <Filter>Libs\Lua</Filter>
    </ClCompile>
    <ClCompile Include="libs\lua-5.1.4\src\lobject.c">
      <Filter>Libs\Lua</Filter>
    </ClCompile>
    <ClCompile Include="libs\lua-5.1.4\src\lopcodes.c">
      <Filter>Libs\Lua</Filter>
    </ClCompile>
    <ClCompile Include="libs\lua-5.1.4\src\loslib.c">
      <Filter>Libs\Lua</Filter>
    </ClCompile>
    <ClCompile Include="libs\lua-5.1.4\src\lparser.c">
      <Filter>Libs\Lua</Filter>
    </ClCompile>
    <ClCompile Include="libs\lua-5.1.4\src\lstate.c">
      <Filter>Libs\Lua</Filter>
    </ClCompile>
    <ClCompile Include="libs\lua-5.1.4\src\lstring.c">
      <Filter>Libs\Lua</Filter>
    </ClCompile>
    <ClCompile Include="libs\lua-5.1.4\src\lstrlib.c">
      <Filter>Libs\Lua</Filter>
    </ClCompile>
    <ClCompile Include="libs\lua-5.1.4\src\ltable.c">
      <Filter>Libs\Lua</Filter>
    </ClCompile>
    <ClCompile Include="libs\lua-5.1.4\src\ltablib.c">
      <Filter>Libs\Lua</Filter>
    </ClCompile>
    <ClCompile Include="libs\lua-5.1.4\src\ltm.c">
      <Filter>Libs\Lua</Filter>
    </ClCompile>
    <ClCompile Include="libs\lua-5.1.4\src\lundump.c">
      <Filter>Libs\Lua</Filter>
    </ClCompile>
    <ClCompile Include="libs\lua-5.1.4\src\lvm.c">
      <Filter>Libs\Lua</Filter>
    </ClCompile>
    <ClCompile Include="libs\lua-5.1.4\src\lzio.c">
      <Filter>Libs\Lua</Filter>
    </ClCompile>
    <ClCompile Include="libs\lua-5.1.4\src\print.c">
      <Filter>Libs\Lua</Filter>
    </ClCompile>
    <ClCompile Include="libs\luabind\src\class.cpp">
      <Filter>Libs\LuaBind</Filter>
    </ClCompile>
    <ClCompile Include="libs\luabind\src\class_info.cpp">
      <Filter>Libs\LuaBind</Filter>
    </ClCompile>
    <ClCompile Include="libs\luabind\src\class_registry.cpp">
      <Filter>Libs\LuaBind</Filter>
    </ClCompile>
    <ClCompile Include="libs\luabind\src\class_rep.cpp">
      <Filter>Libs\LuaBind</Filter>
    </ClCompile>
    <ClCompile Include="libs\luabind\src\create_class.cpp">
      <Filter>Libs\LuaBind</Filter>
    </ClCompile>
    <ClCompile Include="libs\luabind\src\error.cpp">
      <Filter>Libs\LuaBind</Filter>
    </ClCompile>
    <ClCompile Include="libs\luabind\src\exception_handler.cpp">
      <Filter>Libs\LuaBind</Filter>
    </ClCompile>
    <ClCompile Include="libs\luabind\src\find_best_match.cpp">
      <Filter>Libs\LuaBind</Filter>
    </ClCompile>
    <ClCompile Include="libs\luabind\src\function.cpp">
      <Filter>Libs\LuaBind</Filter>
    </ClCompile>
    <ClCompile Include="libs\luabind\src\implicit_cast.cpp">
      <Filter>Libs\LuaBind</Filter>
    </ClCompile>
    <ClCompile Include="libs\luabind\src\link_compatibility.cpp">
      <Filter>Libs\LuaBind</Filter>
    </ClCompile>
    <ClCompile Include="libs\luabind\src\object_rep.cpp">
      <Filter>Libs\LuaBind</Filter>
    </ClCompile>
    <ClCompile Include="libs\luabind\src\open.cpp">
      <Filter>Libs\LuaBind</Filter>
    </ClCompile>
    <ClCompile Include="libs\luabind\src\overload_rep.cpp">
      <Filter>Libs\LuaBind</Filter>
    </ClCompile>
    <ClCompile Include="libs\luabind\src\pcall.cpp">
      <Filter>Libs\LuaBind</Filter>
    </ClCompile>
    <ClCompile Include="libs\luabind\src\ref.cpp">
      <Filter>Libs\LuaBind</Filter>
    </ClCompile>
    <ClCompile Include="libs\luabind\src\scope.cpp">
      <Filter>Libs\LuaBind</Filter>
    </ClCompile>
    <ClCompile Include="libs\luabind\src\stack_content_by_name.cpp">
      <Filter>Libs\LuaBind</Filter>
    </ClCompile>
    <ClCompile Include="libs\luabind\src\weak_ref.cpp">
      <Filter>Libs\LuaBind</Filter>
    </ClCompile>
    <ClCompile Include="libs\luabind\src\wrapper_base.cpp">
      <Filter>Libs\LuaBind</Filter>
    </ClCompile>
    <ClCompile Include="Aurora\Graphics\ModelObj.cpp">
      <Filter>Aurora\Graphics</Filter>
    </ClCompile>
  </ItemGroup>
  <ItemGroup>
    <ClInclude Include="ExampleGame.h" />
    <ClInclude Include="Aurora\Graphics\Vertex.h">
      <Filter>Aurora\Graphics</Filter>
    </ClInclude>
    <ClInclude Include="Aurora\Graphics\Camera.h">
      <Filter>Aurora\Graphics</Filter>
    </ClInclude>
    <ClInclude Include="Aurora\Graphics\Image.h">
      <Filter>Aurora\Graphics</Filter>
    </ClInclude>
    <ClInclude Include="Aurora\Graphics\RenderManager.h">
      <Filter>Aurora\Graphics</Filter>
    </ClInclude>
    <ClInclude Include="Aurora\Graphics\SplashScreen.h">
      <Filter>Aurora\Graphics</Filter>
    </ClInclude>
    <ClInclude Include="Aurora\Graphics\Sprite.h">
      <Filter>Aurora\Graphics</Filter>
    </ClInclude>
    <ClInclude Include="Aurora\Graphics\Sprite3D.h">
      <Filter>Aurora\Graphics</Filter>
    </ClInclude>
    <ClInclude Include="Aurora\Graphics\stb_image.h">
      <Filter>Aurora\Graphics</Filter>
    </ClInclude>
    <ClInclude Include="Aurora\Graphics\stb_truetype.h">
      <Filter>Aurora\Graphics</Filter>
    </ClInclude>
    <ClInclude Include="Aurora\Graphics\TextureManager.h">
      <Filter>Aurora\Graphics</Filter>
    </ClInclude>
    <ClInclude Include="Aurora\Graphics\TrueTypeFont.h">
      <Filter>Aurora\Graphics</Filter>
    </ClInclude>
    <ClInclude Include="Aurora\Graphics\pc\OpenGLRenderManager.h">
      <Filter>Aurora\Graphics\pc</Filter>
    </ClInclude>
    <ClInclude Include="Aurora\Math\BoundingBox.h">
      <Filter>Aurora\Math</Filter>
    </ClInclude>
    <ClInclude Include="Aurora\Math\BoundingSphere.h">
      <Filter>Aurora\Math</Filter>
    </ClInclude>
    <ClInclude Include="Aurora\Math\Frustum.h">
      <Filter>Aurora\Math</Filter>
    </ClInclude>
    <ClInclude Include="Aurora\Math\MathLib.h">
      <Filter>Aurora\Math</Filter>
    </ClInclude>
    <ClInclude Include="Aurora\Math\Matrix3.h">
      <Filter>Aurora\Math</Filter>
    </ClInclude>
    <ClInclude Include="Aurora\Math\Matrix4.h">
      <Filter>Aurora\Math</Filter>
    </ClInclude>
    <ClInclude Include="Aurora\Math\Plane.h">
      <Filter>Aurora\Math</Filter>
    </ClInclude>
    <ClInclude Include="Aurora\Math\Polygon.h">
      <Filter>Aurora\Math</Filter>
    </ClInclude>
    <ClInclude Include="Aurora\Math\Quaternion.h">
      <Filter>Aurora\Math</Filter>
    </ClInclude>
    <ClInclude Include="Aurora\Math\Ray.h">
      <Filter>Aurora\Math</Filter>
    </ClInclude>
    <ClInclude Include="Aurora\Math\Vector2.h">
      <Filter>Aurora\Math</Filter>
    </ClInclude>
    <ClInclude Include="Aurora\Math\Vector3.h">
      <Filter>Aurora\Math</Filter>
    </ClInclude>
    <ClInclude Include="Aurora\Math\Vector4.h">
      <Filter>Aurora\Math</Filter>
    </ClInclude>
    <ClInclude Include="Aurora\Utils\GameLoader.h">
      <Filter>Aurora\Utils</Filter>
    </ClInclude>
    <ClInclude Include="Aurora\Utils\GameManager.h">
      <Filter>Aurora\Utils</Filter>
    </ClInclude>
    <ClInclude Include="Aurora\Utils\GameState.h">
      <Filter>Aurora\Utils</Filter>
    </ClInclude>
    <ClInclude Include="Aurora\Utils\PlatformConfigurator.h">
      <Filter>Aurora\Utils</Filter>
    </ClInclude>
    <ClInclude Include="Aurora\Utils\pc\WinGameLoader.h">
      <Filter>Aurora\Utils\pc</Filter>
    </ClInclude>
    <ClInclude Include="Aurora\System\Clock.h">
      <Filter>Aurora\System</Filter>
    </ClInclude>
    <ClInclude Include="Aurora\System\SystemManager.h">
      <Filter>Aurora\System</Filter>
    </ClInclude>
    <ClInclude Include="Aurora\System\pc\PcSystemManager.h">
      <Filter>Aurora\System\pc</Filter>
    </ClInclude>
    <ClInclude Include="libs\lua-5.1.4\src\lapi.h">
      <Filter>Libs\Lua</Filter>
    </ClInclude>
    <ClInclude Include="libs\lua-5.1.4\src\lauxlib.h">
      <Filter>Libs\Lua</Filter>
    </ClInclude>
    <ClInclude Include="libs\lua-5.1.4\src\lcode.h">
      <Filter>Libs\Lua</Filter>
    </ClInclude>
    <ClInclude Include="libs\lua-5.1.4\src\ldebug.h">
      <Filter>Libs\Lua</Filter>
    </ClInclude>
    <ClInclude Include="libs\lua-5.1.4\src\ldo.h">
      <Filter>Libs\Lua</Filter>
    </ClInclude>
    <ClInclude Include="libs\lua-5.1.4\src\lfunc.h">
      <Filter>Libs\Lua</Filter>
    </ClInclude>
    <ClInclude Include="libs\lua-5.1.4\src\lgc.h">
      <Filter>Libs\Lua</Filter>
    </ClInclude>
    <ClInclude Include="libs\lua-5.1.4\src\llex.h">
      <Filter>Libs\Lua</Filter>
    </ClInclude>
    <ClInclude Include="libs\lua-5.1.4\src\llimits.h">
      <Filter>Libs\Lua</Filter>
    </ClInclude>
    <ClInclude Include="libs\lua-5.1.4\src\lmem.h">
      <Filter>Libs\Lua</Filter>
    </ClInclude>
    <ClInclude Include="libs\lua-5.1.4\src\lobject.h">
      <Filter>Libs\Lua</Filter>
    </ClInclude>
    <ClInclude Include="libs\lua-5.1.4\src\lopcodes.h">
      <Filter>Libs\Lua</Filter>
    </ClInclude>
    <ClInclude Include="libs\lua-5.1.4\src\lparser.h">
      <Filter>Libs\Lua</Filter>
    </ClInclude>
    <ClInclude Include="libs\lua-5.1.4\src\lstate.h">
      <Filter>Libs\Lua</Filter>
    </ClInclude>
    <ClInclude Include="libs\lua-5.1.4\src\lstring.h">
      <Filter>Libs\Lua</Filter>
    </ClInclude>
    <ClInclude Include="libs\lua-5.1.4\src\ltable.h">
      <Filter>Libs\Lua</Filter>
    </ClInclude>
    <ClInclude Include="libs\lua-5.1.4\src\ltm.h">
      <Filter>Libs\Lua</Filter>
    </ClInclude>
    <ClInclude Include="libs\lua-5.1.4\src\lua.h">
      <Filter>Libs\Lua</Filter>
    </ClInclude>
    <ClInclude Include="libs\lua-5.1.4\src\luaconf.h">
      <Filter>Libs\Lua</Filter>
    </ClInclude>
    <ClInclude Include="libs\lua-5.1.4\src\lualib.h">
      <Filter>Libs\Lua</Filter>
    </ClInclude>
    <ClInclude Include="libs\lua-5.1.4\src\lundump.h">
      <Filter>Libs\Lua</Filter>
    </ClInclude>
    <ClInclude Include="libs\lua-5.1.4\src\lvm.h">
      <Filter>Libs\Lua</Filter>
    </ClInclude>
    <ClInclude Include="libs\lua-5.1.4\src\lzio.h">
      <Filter>Libs\Lua</Filter>
    </ClInclude>
    <ClInclude Include="libs\luabind\luabind\adopt_policy.hpp">
      <Filter>Libs\LuaBind</Filter>
    </ClInclude>
    <ClInclude Include="libs\luabind\luabind\back_reference.hpp">
      <Filter>Libs\LuaBind</Filter>
    </ClInclude>
    <ClInclude Include="libs\luabind\luabind\back_reference_fwd.hpp">
      <Filter>Libs\LuaBind</Filter>
    </ClInclude>
    <ClInclude Include="libs\luabind\luabind\class.hpp">
      <Filter>Libs\LuaBind</Filter>
    </ClInclude>
    <ClInclude Include="libs\luabind\luabind\class_info.hpp">
      <Filter>Libs\LuaBind</Filter>
    </ClInclude>
    <ClInclude Include="libs\luabind\luabind\config.hpp">
      <Filter>Libs\LuaBind</Filter>
    </ClInclude>
    <ClInclude Include="libs\luabind\luabind\container_policy.hpp">
      <Filter>Libs\LuaBind</Filter>
    </ClInclude>
    <ClInclude Include="libs\luabind\luabind\copy_policy.hpp">
      <Filter>Libs\LuaBind</Filter>
    </ClInclude>
    <ClInclude Include="libs\luabind\luabind\dependency_policy.hpp">
      <Filter>Libs\LuaBind</Filter>
    </ClInclude>
    <ClInclude Include="libs\luabind\luabind\discard_result_policy.hpp">
      <Filter>Libs\LuaBind</Filter>
    </ClInclude>
    <ClInclude Include="libs\luabind\luabind\error.hpp">
      <Filter>Libs\LuaBind</Filter>
    </ClInclude>
    <ClInclude Include="libs\luabind\luabind\exception_handler.hpp">
      <Filter>Libs\LuaBind</Filter>
    </ClInclude>
    <ClInclude Include="libs\luabind\luabind\from_stack.hpp">
      <Filter>Libs\LuaBind</Filter>
    </ClInclude>
    <ClInclude Include="libs\luabind\luabind\function.hpp">
      <Filter>Libs\LuaBind</Filter>
    </ClInclude>
    <ClInclude Include="libs\luabind\luabind\get_pointer.hpp">
      <Filter>Libs\LuaBind</Filter>
    </ClInclude>
    <ClInclude Include="libs\luabind\luabind\handle.hpp">
      <Filter>Libs\LuaBind</Filter>
    </ClInclude>
    <ClInclude Include="libs\luabind\luabind\iterator_policy.hpp">
      <Filter>Libs\LuaBind</Filter>
    </ClInclude>
    <ClInclude Include="libs\luabind\luabind\lua_include.hpp">
      <Filter>Libs\LuaBind</Filter>
    </ClInclude>
    <ClInclude Include="libs\luabind\luabind\luabind.hpp">
      <Filter>Libs\LuaBind</Filter>
    </ClInclude>
    <ClInclude Include="libs\luabind\luabind\make_function.hpp">
      <Filter>Libs\LuaBind</Filter>
    </ClInclude>
    <ClInclude Include="libs\luabind\luabind\nil.hpp">
      <Filter>Libs\LuaBind</Filter>
    </ClInclude>
    <ClInclude Include="libs\luabind\luabind\object.hpp">
      <Filter>Libs\LuaBind</Filter>
    </ClInclude>
    <ClInclude Include="libs\luabind\luabind\open.hpp">
      <Filter>Libs\LuaBind</Filter>
    </ClInclude>
    <ClInclude Include="libs\luabind\luabind\operator.hpp">
      <Filter>Libs\LuaBind</Filter>
    </ClInclude>
    <ClInclude Include="libs\luabind\luabind\out_value_policy.hpp">
      <Filter>Libs\LuaBind</Filter>
    </ClInclude>
    <ClInclude Include="libs\luabind\luabind\prefix.hpp">
      <Filter>Libs\LuaBind</Filter>
    </ClInclude>
    <ClInclude Include="libs\luabind\luabind\raw_policy.hpp">
      <Filter>Libs\LuaBind</Filter>
    </ClInclude>
    <ClInclude Include="libs\luabind\luabind\return_reference_to_policy.hpp">
      <Filter>Libs\LuaBind</Filter>
    </ClInclude>
    <ClInclude Include="libs\luabind\luabind\scope.hpp">
      <Filter>Libs\LuaBind</Filter>
    </ClInclude>
    <ClInclude Include="libs\luabind\luabind\tag_function.hpp">
      <Filter>Libs\LuaBind</Filter>
    </ClInclude>
    <ClInclude Include="libs\luabind\luabind\value_wrapper.hpp">
      <Filter>Libs\LuaBind</Filter>
    </ClInclude>
    <ClInclude Include="libs\luabind\luabind\version.hpp">
      <Filter>Libs\LuaBind</Filter>
    </ClInclude>
    <ClInclude Include="libs\luabind\luabind\weak_ref.hpp">
      <Filter>Libs\LuaBind</Filter>
    </ClInclude>
    <ClInclude Include="libs\luabind\luabind\wrapper_base.hpp">
      <Filter>Libs\LuaBind</Filter>
    </ClInclude>
    <ClInclude Include="libs\luabind\luabind\yield_policy.hpp">
      <Filter>Libs\LuaBind</Filter>
    </ClInclude>
    <ClInclude Include="libs\luabind\luabind\detail\calc_arity.hpp">
      <Filter>Libs\LuaBind</Filter>
    </ClInclude>
    <ClInclude Include="libs\luabind\luabind\detail\call.hpp">
      <Filter>Libs\LuaBind</Filter>
    </ClInclude>
    <ClInclude Include="libs\luabind\luabind\detail\call_function.hpp">
      <Filter>Libs\LuaBind</Filter>
    </ClInclude>
    <ClInclude Include="libs\luabind\luabind\detail\call_member.hpp">
      <Filter>Libs\LuaBind</Filter>
    </ClInclude>
    <ClInclude Include="libs\luabind\luabind\detail\call_operator_iterate.hpp">
      <Filter>Libs\LuaBind</Filter>
    </ClInclude>
    <ClInclude Include="libs\luabind\luabind\detail\class_cache.hpp">
      <Filter>Libs\LuaBind</Filter>
    </ClInclude>
    <ClInclude Include="libs\luabind\luabind\detail\class_registry.hpp">
      <Filter>Libs\LuaBind</Filter>
    </ClInclude>
    <ClInclude Include="libs\luabind\luabind\detail\class_rep.hpp">
      <Filter>Libs\LuaBind</Filter>
    </ClInclude>
    <ClInclude Include="libs\luabind\luabind\detail\compute_score.hpp">
      <Filter>Libs\LuaBind</Filter>
    </ClInclude>
    <ClInclude Include="libs\luabind\luabind\detail\construct_rep.hpp">
      <Filter>Libs\LuaBind</Filter>
    </ClInclude>
    <ClInclude Include="libs\luabind\luabind\detail\constructor.hpp">
      <Filter>Libs\LuaBind</Filter>
    </ClInclude>
    <ClInclude Include="libs\luabind\luabind\detail\conversion_storage.hpp">
      <Filter>Libs\LuaBind</Filter>
    </ClInclude>
    <ClInclude Include="libs\luabind\luabind\detail\convert_to_lua.hpp">
      <Filter>Libs\LuaBind</Filter>
    </ClInclude>
    <ClInclude Include="libs\luabind\luabind\detail\debug.hpp">
      <Filter>Libs\LuaBind</Filter>
    </ClInclude>
    <ClInclude Include="libs\luabind\luabind\detail\decorate_type.hpp">
      <Filter>Libs\LuaBind</Filter>
    </ClInclude>
    <ClInclude Include="libs\luabind\luabind\detail\deduce_signature.hpp">
      <Filter>Libs\LuaBind</Filter>
    </ClInclude>
    <ClInclude Include="libs\luabind\luabind\detail\enum_maker.hpp">
      <Filter>Libs\LuaBind</Filter>
    </ClInclude>
    <ClInclude Include="libs\luabind\luabind\detail\find_best_match.hpp">
      <Filter>Libs\LuaBind</Filter>
    </ClInclude>
    <ClInclude Include="libs\luabind\luabind\detail\format_signature.hpp">
      <Filter>Libs\LuaBind</Filter>
    </ClInclude>
    <ClInclude Include="libs\luabind\luabind\detail\garbage_collector.hpp">
      <Filter>Libs\LuaBind</Filter>
    </ClInclude>
    <ClInclude Include="libs\luabind\luabind\detail\get_overload_signature.hpp">
      <Filter>Libs\LuaBind</Filter>
    </ClInclude>
    <ClInclude Include="libs\luabind\luabind\detail\get_signature.hpp">
      <Filter>Libs\LuaBind</Filter>
    </ClInclude>
    <ClInclude Include="libs\luabind\luabind\detail\has_get_pointer.hpp">
      <Filter>Libs\LuaBind</Filter>
    </ClInclude>
    <ClInclude Include="libs\luabind\luabind\detail\implicit_cast.hpp">
      <Filter>Libs\LuaBind</Filter>
    </ClInclude>
    <ClInclude Include="libs\luabind\luabind\detail\is_indirect_const.hpp">
      <Filter>Libs\LuaBind</Filter>
    </ClInclude>
    <ClInclude Include="libs\luabind\luabind\detail\link_compatibility.hpp">
      <Filter>Libs\LuaBind</Filter>
    </ClInclude>
    <ClInclude Include="libs\luabind\luabind\detail\most_derived.hpp">
      <Filter>Libs\LuaBind</Filter>
    </ClInclude>
    <ClInclude Include="libs\luabind\luabind\detail\object_call.hpp">
      <Filter>Libs\LuaBind</Filter>
    </ClInclude>
    <ClInclude Include="libs\luabind\luabind\detail\object_funs.hpp">
      <Filter>Libs\LuaBind</Filter>
    </ClInclude>
    <ClInclude Include="libs\luabind\luabind\detail\object_rep.hpp">
      <Filter>Libs\LuaBind</Filter>
    </ClInclude>
    <ClInclude Include="libs\luabind\luabind\detail\open.hpp">
      <Filter>Libs\LuaBind</Filter>
    </ClInclude>
    <ClInclude Include="libs\luabind\luabind\detail\operator_id.hpp">
      <Filter>Libs\LuaBind</Filter>
    </ClInclude>
    <ClInclude Include="libs\luabind\luabind\detail\other.hpp">
      <Filter>Libs\LuaBind</Filter>
    </ClInclude>
    <ClInclude Include="libs\luabind\luabind\detail\overload_rep.hpp">
      <Filter>Libs\LuaBind</Filter>
    </ClInclude>
    <ClInclude Include="libs\luabind\luabind\detail\overload_rep_base.hpp">
      <Filter>Libs\LuaBind</Filter>
    </ClInclude>
    <ClInclude Include="libs\luabind\luabind\detail\pcall.hpp">
      <Filter>Libs\LuaBind</Filter>
    </ClInclude>
    <ClInclude Include="libs\luabind\luabind\detail\pointee_sizeof.hpp">
      <Filter>Libs\LuaBind</Filter>
    </ClInclude>
    <ClInclude Include="libs\luabind\luabind\detail\pointee_typeid.hpp">
      <Filter>Libs\LuaBind</Filter>
    </ClInclude>
    <ClInclude Include="libs\luabind\luabind\detail\policy.hpp">
      <Filter>Libs\LuaBind</Filter>
    </ClInclude>
    <ClInclude Include="libs\luabind\luabind\detail\primitives.hpp">
      <Filter>Libs\LuaBind</Filter>
    </ClInclude>
    <ClInclude Include="libs\luabind\luabind\detail\property.hpp">
      <Filter>Libs\LuaBind</Filter>
    </ClInclude>
    <ClInclude Include="libs\luabind\luabind\detail\ref.hpp">
      <Filter>Libs\LuaBind</Filter>
    </ClInclude>
    <ClInclude Include="libs\luabind\luabind\detail\signature_match.hpp">
      <Filter>Libs\LuaBind</Filter>
    </ClInclude>
    <ClInclude Include="libs\luabind\luabind\detail\stack_utils.hpp">
      <Filter>Libs\LuaBind</Filter>
    </ClInclude>
    <ClInclude Include="libs\luabind\luabind\detail\typetraits.hpp">
      <Filter>Libs\LuaBind</Filter>
    </ClInclude>
    <ClInclude Include="libs\luabind\luabind\detail\yes_no.hpp">
      <Filter>Libs\LuaBind</Filter>
    </ClInclude>
    <ClInclude Include="Aurora\Graphics\ModelObj.h">
      <Filter>Aurora\Graphics</Filter>
    </ClInclude>
  </ItemGroup>
</Project>